<?xml version="1.0" encoding="utf-8"?>
<Project ToolsVersion="4.0" xmlns="http://schemas.microsoft.com/developer/msbuild/2003">
  <ItemGroup>
    <Filter Include="inc">
      <UniqueIdentifier>{306105b1-0374-4faa-9fe6-09c9fdedaa08}</UniqueIdentifier>
    </Filter>
    <Filter Include="src">
      <UniqueIdentifier>{6393957a-3600-45c9-b531-33515bb33df6}</UniqueIdentifier>
    </Filter>
    <Filter Include="rc">
      <UniqueIdentifier>{99d1651b-d338-42cf-a8b2-fb6f091a98d3}</UniqueIdentifier>
    </Filter>
    <Filter Include="mak">
      <UniqueIdentifier>{63a374e0-3029-405e-851d-9786992a6277}</UniqueIdentifier>
    </Filter>
    <Filter Include="lib">
      <UniqueIdentifier>{247975d9-c61f-4a2b-a6aa-cddadf995063}</UniqueIdentifier>
      <SourceControlFiles>False</SourceControlFiles>
    </Filter>
    <Filter Include="lib\win32_debug">
      <UniqueIdentifier>{63a14da5-a620-47f8-8bbe-13872cde1284}</UniqueIdentifier>
      <SourceControlFiles>False</SourceControlFiles>
    </Filter>
    <Filter Include="lib\win32_release">
      <UniqueIdentifier>{31490f86-88a1-4266-b7cf-a84114215614}</UniqueIdentifier>
      <SourceControlFiles>False</SourceControlFiles>
    </Filter>
    <Filter Include="lib\win64_debug">
      <UniqueIdentifier>{2be32314-c7fc-4dc6-a7d4-10337bd7b6fa}</UniqueIdentifier>
      <SourceControlFiles>False</SourceControlFiles>
    </Filter>
    <Filter Include="lib\win64_release">
      <UniqueIdentifier>{52b144c4-349b-4ff5-bf36-6673c1a5c574}</UniqueIdentifier>
      <SourceControlFiles>False</SourceControlFiles>
    </Filter>
  </ItemGroup>
  <ItemGroup>
    <ClInclude Include="..\inc\m4comsrv_dll.hpp">
      <Filter>inc</Filter>
    </ClInclude>
    <ClInclude Include="..\inc\admincommands.hpp">
      <Filter>inc</Filter>
    </ClInclude>
    <ClInclude Include="..\inc\cladminfuncs.hpp">
      <Filter>inc</Filter>
    </ClInclude>
    <ClInclude Include="..\inc\clcmdarguments.hpp">
      <Filter>inc</Filter>
    </ClInclude>
    <ClInclude Include="..\inc\clcommand.hpp">
      <Filter>inc</Filter>
    </ClInclude>
    <ClInclude Include="..\inc\clcondictionary.hpp">
      <Filter>inc</Filter>
    </ClInclude>
    <ClInclude Include="..\inc\cllist.hpp">
      <Filter>inc</Filter>
    </ClInclude>
    <ClInclude Include="..\inc\clloadtables.hpp">
      <Filter>inc</Filter>
    </ClInclude>
    <ClInclude Include="..\inc\cllocalmonitor.hpp">
      <Filter>inc</Filter>
    </ClInclude>
    <ClInclude Include="..\inc\clmemorylevelss.hpp">
      <Filter>inc</Filter>
    </ClInclude>
    <ClInclude Include="..\inc\clservicedicc.hpp">
      <Filter>inc</Filter>
    </ClInclude>
    <ClInclude Include="..\inc\clserviceinfo.hpp">
      <Filter>inc</Filter>
    </ClInclude>
    <ClInclude Include="..\inc\clsubsystem.hpp">
      <Filter>inc</Filter>
    </ClInclude>
    <ClInclude Include="..\inc\clsupervisor.hpp">
      <Filter>inc</Filter>
    </ClInclude>
    <ClInclude Include="..\inc\cmdtable.hpp">
      <Filter>inc</Filter>
    </ClInclude>
    <ClInclude Include="..\inc\connects.hpp">
      <Filter>inc</Filter>
    </ClInclude>
    <ClInclude Include="..\inc\connects40.hpp">
      <Filter>inc</Filter>
    </ClInclude>
    <ClInclude Include="..\inc\controlmemoryss.hpp">
      <Filter>inc</Filter>
    </ClInclude>
    <ClInclude Include="..\inc\dispatcherss.hpp">
      <Filter>inc</Filter>
    </ClInclude>
    <ClInclude Include="..\inc\introspective.hpp">
      <Filter>inc</Filter>
    </ClInclude>
    <ClInclude Include="..\inc\invoker.hpp">
      <Filter>inc</Filter>
    </ClInclude>
    <ClInclude Include="..\inc\lmstats.hpp">
      <Filter>inc</Filter>
    </ClInclude>
    <ClInclude Include="..\inc\lmsubsystem.hpp">
      <Filter>inc</Filter>
    </ClInclude>
    <ClInclude Include="..\inc\loadestimatorss.hpp">
      <Filter>inc</Filter>
    </ClInclude>
    <ClInclude Include="..\inc\loadrule.hpp">
      <Filter>inc</Filter>
    </ClInclude>
    <ClInclude Include="..\inc\logoninstance.hpp">
      <Filter>inc</Filter>
    </ClInclude>
    <ClInclude Include="..\inc\logoninterface.hpp">
      <Filter>inc</Filter>
    </ClInclude>
    <ClInclude Include="..\inc\navigatorss.hpp">
      <Filter>inc</Filter>
    </ClInclude>
    <ClInclude Include="..\inc\requestdic.hpp">
      <Filter>inc</Filter>
    </ClInclude>
    <ClInclude Include="..\inc\sessiondic.hpp">
      <Filter>inc</Filter>
    </ClInclude>
    <ClInclude Include="..\inc\sessmanager.hpp">
      <Filter>inc</Filter>
    </ClInclude>
    <ClInclude Include="..\inc\ssccsubsystems.hpp">
      <Filter>inc</Filter>
    </ClInclude>
    <ClInclude Include="..\inc\ssfactory.hpp">
      <Filter>inc</Filter>
    </ClInclude>
    <ClInclude Include="..\inc\ssstats.hpp">
      <Filter>inc</Filter>
    </ClInclude>
    <ClInclude Include="..\inc\ssvisitors.hpp">
      <Filter>inc</Filter>
    </ClInclude>
    <ClInclude Include="..\inc\subsystemids.hpp">
      <Filter>inc</Filter>
    </ClInclude>
    <ClInclude Include="..\inc\subsystems.hpp">
      <Filter>inc</Filter>
    </ClInclude>
    <ClInclude Include="..\inc\systeminteface.hpp">
      <Filter>inc</Filter>
    </ClInclude>
    <ClInclude Include="..\inc\tracess.hpp">
      <Filter>inc</Filter>
    </ClInclude>
    <ClInclude Include="..\inc\userservicesss.hpp">
      <Filter>inc</Filter>
    </ClInclude>
    <ClInclude Include="..\inc\userss.hpp">
      <Filter>inc</Filter>
    </ClInclude>
    <ClInclude Include="..\inc\xmlrequest.hpp">
      <Filter>inc</Filter>
    </ClInclude>
  </ItemGroup>
  <ItemGroup>
    <ClCompile Include="..\rc\m4comsrv.what.cpp">
      <Filter>rc</Filter>
    </ClCompile>
    <ClCompile Include="..\src\cladminfuncs.cpp">
      <Filter>src</Filter>
    </ClCompile>
    <ClCompile Include="..\src\clcmdarguments.cpp">
      <Filter>src</Filter>
    </ClCompile>
    <ClCompile Include="..\src\clcommand.cpp">
      <Filter>src</Filter>
    </ClCompile>
    <ClCompile Include="..\src\clcondictionary.cpp">
      <Filter>src</Filter>
    </ClCompile>
    <ClCompile Include="..\src\cllist.cpp">
      <Filter>src</Filter>
    </ClCompile>
    <ClCompile Include="..\src\clloadtables.cpp">
      <Filter>src</Filter>
    </ClCompile>
    <ClCompile Include="..\src\cllocalmonitor.cpp">
      <Filter>src</Filter>
    </ClCompile>
    <ClCompile Include="..\src\clmemorylevelss.cpp">
      <Filter>src</Filter>
    </ClCompile>
    <ClCompile Include="..\src\clservicedicc.cpp">
      <Filter>src</Filter>
    </ClCompile>
    <ClCompile Include="..\src\clserviceinfo.cpp">
      <Filter>src</Filter>
    </ClCompile>
    <ClCompile Include="..\src\clsubsystem.cpp">
      <Filter>src</Filter>
    </ClCompile>
    <ClCompile Include="..\src\clsupervisor.cpp">
      <Filter>src</Filter>
    </ClCompile>
    <ClCompile Include="..\src\cmdtable.cpp">
      <Filter>src</Filter>
    </ClCompile>
    <ClCompile Include="..\src\connects.cpp">
      <Filter>src</Filter>
    </ClCompile>
    <ClCompile Include="..\src\connects40.cpp">
      <Filter>src</Filter>
    </ClCompile>
    <ClCompile Include="..\src\controlmemoryss.cpp">
      <Filter>src</Filter>
    </ClCompile>
    <ClCompile Include="..\src\dispatcherss.cpp">
      <Filter>src</Filter>
    </ClCompile>
    <ClCompile Include="..\src\invoker.cpp">
      <Filter>src</Filter>
    </ClCompile>
    <ClCompile Include="..\src\lmstats.cpp">
      <Filter>src</Filter>
    </ClCompile>
    <ClCompile Include="..\src\lmsubsystem.cpp">
      <Filter>src</Filter>
    </ClCompile>
    <ClCompile Include="..\src\loadestimatorss.cpp">
      <Filter>src</Filter>
    </ClCompile>
    <ClCompile Include="..\src\loadrule.cpp">
      <Filter>src</Filter>
    </ClCompile>
    <ClCompile Include="..\src\logoninstance.cpp">
      <Filter>src</Filter>
    </ClCompile>
    <ClCompile Include="..\src\m4serverversion.cpp">
      <Filter>src</Filter>
    </ClCompile>
    <ClCompile Include="..\src\navigatorss.cpp">
      <Filter>src</Filter>
    </ClCompile>
    <ClCompile Include="..\src\requestdic.cpp">
      <Filter>src</Filter>
    </ClCompile>
    <ClCompile Include="..\src\sessiondic.cpp">
      <Filter>src</Filter>
    </ClCompile>
    <ClCompile Include="..\src\sessmanager.cpp">
      <Filter>src</Filter>
    </ClCompile>
    <ClCompile Include="..\src\ssccsubsystems.cpp">
      <Filter>src</Filter>
    </ClCompile>
    <ClCompile Include="..\src\ssfactory.cpp">
      <Filter>src</Filter>
    </ClCompile>
    <ClCompile Include="..\src\ssstats.cpp">
      <Filter>src</Filter>
    </ClCompile>
    <ClCompile Include="..\src\ssvisitors.cpp">
      <Filter>src</Filter>
    </ClCompile>
    <ClCompile Include="..\src\subsystems.cpp">
      <Filter>src</Filter>
    </ClCompile>
    <ClCompile Include="..\src\tracess.cpp">
      <Filter>src</Filter>
    </ClCompile>
    <ClCompile Include="..\src\userservicesss.cpp">
      <Filter>src</Filter>
    </ClCompile>
    <ClCompile Include="..\src\userss.cpp">
      <Filter>src</Filter>
    </ClCompile>
    <ClCompile Include="..\src\xmlrequest.cpp">
      <Filter>src</Filter>
    </ClCompile>
  </ItemGroup>
  <ItemGroup>
    <ResourceCompile Include="..\rc\m4comsrv.rc">
      <Filter>rc</Filter>
    </ResourceCompile>
  </ItemGroup>
  <ItemGroup>
    <Library Include="..\..\m4adminsrv\mak\win32\debug\m4adminsrvdll.lib">
      <Filter>lib\win32_debug</Filter>
    </Library>
    <Library Include="..\..\m4adminsrv\mak\win32\release\m4adminsrvdll.lib">
      <Filter>lib\win32_release</Filter>
    </Library>
    <Library Include="..\..\m4adminsrv\mak\win64\debug\m4adminsrvdll.lib">
      <Filter>lib\win64_debug</Filter>
    </Library>
    <Library Include="..\..\m4adminsrv\mak\win64\release\m4adminsrvdll.lib">
      <Filter>lib\win64_release</Filter>
    </Library>
    <Library Include="..\..\m4buildversion\mak\win32\debug\m4buildversion.lib">
      <Filter>lib\win32_debug</Filter>
    </Library>
    <Library Include="..\..\m4buildversion\mak\win32\release\m4buildversion.lib">
      <Filter>lib\win32_release</Filter>
    </Library>
    <Library Include="..\..\m4buildversion\mak\win64\debug\m4buildversion.lib">
      <Filter>lib\win64_debug</Filter>
    </Library>
    <Library Include="..\..\m4buildversion\mak\win64\release\m4buildversion.lib">
      <Filter>lib\win64_release</Filter>
    </Library>
    <Library Include="..\..\m4cachesubsystem\mak\win32\debug\m4cachesubsystemdll.lib">
      <Filter>lib\win32_debug</Filter>
    </Library>
    <Library Include="..\..\m4cachesubsystem\mak\win32\release\m4cachesubsystemdll.lib">
      <Filter>lib\win32_release</Filter>
    </Library>
    <Library Include="..\..\m4cachesubsystem\mak\win64\debug\m4cachesubsystemdll.lib">
      <Filter>lib\win64_debug</Filter>
    </Library>
    <Library Include="..\..\m4cachesubsystem\mak\win64\release\m4cachesubsystemdll.lib">
      <Filter>lib\win64_release</Filter>
    </Library>
    <Library Include="..\..\m4communication\mak\win32\debug\m4communication.lib">
      <Filter>lib\win32_debug</Filter>
    </Library>
    <Library Include="..\..\m4communication\mak\win32\release\m4communication.lib">
      <Filter>lib\win32_release</Filter>
    </Library>
    <Library Include="..\..\m4communication\mak\win64\debug\m4communication.lib">
      <Filter>lib\win64_debug</Filter>
    </Library>
    <Library Include="..\..\m4communication\mak\win64\release\m4communication.lib">
      <Filter>lib\win64_release</Filter>
    </Library>
    <Library Include="..\..\m4configtree\mak\win32\debug\m4configtreedll.lib">
      <Filter>lib\win32_debug</Filter>
    </Library>
    <Library Include="..\..\m4configtree\mak\win32\release\m4configtreedll.lib">
      <Filter>lib\win32_release</Filter>
    </Library>
    <Library Include="..\..\m4configtree\mak\win64\debug\m4configtreedll.lib">
      <Filter>lib\win64_debug</Filter>
    </Library>
    <Library Include="..\..\m4configtree\mak\win64\release\m4configtreedll.lib">
      <Filter>lib\win64_release</Filter>
    </Library>
    <Library Include="..\..\m4configuration\mak\win32\debug\m4configurationdll.lib">
      <Filter>lib\win32_debug</Filter>
    </Library>
    <Library Include="..\..\m4configuration\mak\win32\release\m4configurationdll.lib">
      <Filter>lib\win32_release</Filter>
    </Library>
    <Library Include="..\..\m4configuration\mak\win64\debug\m4configurationdll.lib">
      <Filter>lib\win64_debug</Filter>
    </Library>
    <Library Include="..\..\m4configuration\mak\win64\release\m4configurationdll.lib">
      <Filter>lib\win64_release</Filter>
    </Library>
    <Library Include="..\..\m4credentials\mak\win32\debug\m4credentials.lib">
      <Filter>lib\win32_debug</Filter>
    </Library>
    <Library Include="..\..\m4credentials\mak\win32\release\m4credentials.lib">
      <Filter>lib\win32_release</Filter>
    </Library>
    <Library Include="..\..\m4credentials\mak\win64\debug\m4credentials.lib">
      <Filter>lib\win64_debug</Filter>
    </Library>
    <Library Include="..\..\m4credentials\mak\win64\release\m4credentials.lib">
      <Filter>lib\win64_release</Filter>
    </Library>
    <Library Include="..\..\m4cryptc\mak\win32\debug\m4cryptclib.lib">
      <Filter>lib\win32_debug</Filter>
    </Library>
    <Library Include="..\..\m4cryptc\mak\win32\release\m4cryptclib.lib">
      <Filter>lib\win32_release</Filter>
    </Library>
    <Library Include="..\..\m4cryptc\mak\win64\debug\m4cryptclib.lib">
      <Filter>lib\win64_debug</Filter>
    </Library>
    <Library Include="..\..\m4cryptc\mak\win64\release\m4cryptclib.lib">
      <Filter>lib\win64_release</Filter>
    </Library>
    <Library Include="..\..\m4date\mak\win32\debug\m4datedll.lib">
      <Filter>lib\win32_debug</Filter>
    </Library>
    <Library Include="..\..\m4date\mak\win32\release\m4datedll.lib">
      <Filter>lib\win32_release</Filter>
    </Library>
    <Library Include="..\..\m4date\mak\win64\debug\m4datedll.lib">
      <Filter>lib\win64_debug</Filter>
    </Library>
    <Library Include="..\..\m4date\mak\win64\release\m4datedll.lib">
      <Filter>lib\win64_release</Filter>
    </Library>
    <Library Include="..\..\m4echoservice\mak\win32\debug\m4echoservice.lib">
      <Filter>lib\win32_debug</Filter>
    </Library>
    <Library Include="..\..\m4echoservice\mak\win32\release\m4echoservice.lib">
      <Filter>lib\win32_release</Filter>
    </Library>
    <Library Include="..\..\m4echoservice\mak\win64\debug\m4echoservice.lib">
      <Filter>lib\win64_debug</Filter>
    </Library>
    <Library Include="..\..\m4echoservice\mak\win64\release\m4echoservice.lib">
      <Filter>lib\win64_release</Filter>
    </Library>
    <Library Include="..\..\m4eventhandler\mak\win32\debug\m4eventhandlerdll.lib">
      <Filter>lib\win32_debug</Filter>
    </Library>
    <Library Include="..\..\m4eventhandler\mak\win32\release\m4eventhandlerdll.lib">
      <Filter>lib\win32_release</Filter>
    </Library>
    <Library Include="..\..\m4eventhandler\mak\win64\debug\m4eventhandlerdll.lib">
      <Filter>lib\win64_debug</Filter>
    </Library>
    <Library Include="..\..\m4eventhandler\mak\win64\release\m4eventhandlerdll.lib">
      <Filter>lib\win64_release</Filter>
    </Library>
    <Library Include="..\..\m4executive\mak\win32\debug\m4executivedll.lib">
      <Filter>lib\win32_debug</Filter>
    </Library>
    <Library Include="..\..\m4executive\mak\win32\release\m4executivedll.lib">
      <Filter>lib\win32_release</Filter>
    </Library>
    <Library Include="..\..\m4executive\mak\win64\debug\m4executivedll.lib">
      <Filter>lib\win64_debug</Filter>
    </Library>
    <Library Include="..\..\m4executive\mak\win64\release\m4executivedll.lib">
      <Filter>lib\win64_release</Filter>
    </Library>
    <Library Include="..\..\m4exefactory\mak\win32\debug\m4exefactorydll.lib">
      <Filter>lib\win32_debug</Filter>
    </Library>
    <Library Include="..\..\m4exefactory\mak\win32\release\m4exefactorydll.lib">
      <Filter>lib\win32_release</Filter>
    </Library>
    <Library Include="..\..\m4exefactory\mak\win64\debug\m4exefactorydll.lib">
      <Filter>lib\win64_debug</Filter>
    </Library>
    <Library Include="..\..\m4exefactory\mak\win64\release\m4exefactorydll.lib">
      <Filter>lib\win64_release</Filter>
    </Library>
    <Library Include="..\..\m4exeforchannel\mak\win32\debug\m4exeforchanneldll.lib">
      <Filter>lib\win32_debug</Filter>
    </Library>
    <Library Include="..\..\m4exeforchannel\mak\win32\release\m4exeforchanneldll.lib">
      <Filter>lib\win32_release</Filter>
    </Library>
    <Library Include="..\..\m4exeforchannel\mak\win64\debug\m4exeforchanneldll.lib">
      <Filter>lib\win64_debug</Filter>
    </Library>
    <Library Include="..\..\m4exeforchannel\mak\win64\release\m4exeforchanneldll.lib">
      <Filter>lib\win64_release</Filter>
    </Library>
    <Library Include="..\..\m4filemanager\mak\win32\debug\m4filemanager.lib">
      <Filter>lib\win32_debug</Filter>
    </Library>
    <Library Include="..\..\m4filemanager\mak\win32\release\m4filemanager.lib">
      <Filter>lib\win32_release</Filter>
    </Library>
    <Library Include="..\..\m4filemanager\mak\win64\debug\m4filemanager.lib">
      <Filter>lib\win64_debug</Filter>
    </Library>
    <Library Include="..\..\m4filemanager\mak\win64\release\m4filemanager.lib">
      <Filter>lib\win64_release</Filter>
    </Library>
    <Library Include="..\..\m4idgenerator\mak\win32\debug\m4idgeneratordll.lib">
      <Filter>lib\win32_debug</Filter>
    </Library>
    <Library Include="..\..\m4idgenerator\mak\win32\release\m4idgeneratordll.lib">
      <Filter>lib\win32_release</Filter>
    </Library>
    <Library Include="..\..\m4idgenerator\mak\win64\debug\m4idgeneratordll.lib">
      <Filter>lib\win64_debug</Filter>
    </Library>
    <Library Include="..\..\m4idgenerator\mak\win64\release\m4idgeneratordll.lib">
      <Filter>lib\win64_release</Filter>
    </Library>
    <Library Include="..\..\m4ipcs\mak\win32\debug\m4ipcsdll.lib">
      <Filter>lib\win32_debug</Filter>
    </Library>
    <Library Include="..\..\m4ipcs\mak\win32\release\m4ipcsdll.lib">
      <Filter>lib\win32_release</Filter>
    </Library>
    <Library Include="..\..\m4ipcs\mak\win64\debug\m4ipcsdll.lib">
      <Filter>lib\win64_debug</Filter>
    </Library>
    <Library Include="..\..\m4ipcs\mak\win64\release\m4ipcsdll.lib">
      <Filter>lib\win64_release</Filter>
    </Library>
    <Library Include="..\..\m4java\mak\win32\debug\m4java.lib">
      <Filter>lib\win32_debug</Filter>
    </Library>
    <Library Include="..\..\m4java\mak\win32\release\m4java.lib">
      <Filter>lib\win32_release</Filter>
    </Library>
    <Library Include="..\..\m4java\mak\win64\debug\m4java.lib">
      <Filter>lib\win64_debug</Filter>
    </Library>
    <Library Include="..\..\m4java\mak\win64\release\m4java.lib">
      <Filter>lib\win64_release</Filter>
    </Library>
    <Library Include="..\..\m4jssubsystem\mak\win32\debug\m4jssubsystemdll.lib">
      <Filter>lib\win32_debug</Filter>
    </Library>
    <Library Include="..\..\m4jssubsystem\mak\win32\release\m4jssubsystemdll.lib">
      <Filter>lib\win32_release</Filter>
    </Library>
    <Library Include="..\..\m4jssubsystem\mak\win64\debug\m4jssubsystemdll.lib">
      <Filter>lib\win64_debug</Filter>
    </Library>
    <Library Include="..\..\m4jssubsystem\mak\win64\release\m4jssubsystemdll.lib">
      <Filter>lib\win64_release</Filter>
    </Library>
    <Library Include="..\..\m4ldbsubsy\mak\win32\debug\m4ldbsubsydll.lib">
      <Filter>lib\win32_debug</Filter>
    </Library>
    <Library Include="..\..\m4ldbsubsy\mak\win32\release\m4ldbsubsydll.lib">
      <Filter>lib\win32_release</Filter>
    </Library>
    <Library Include="..\..\m4ldbsubsy\mak\win64\debug\m4ldbsubsydll.lib">
      <Filter>lib\win64_debug</Filter>
    </Library>
    <Library Include="..\..\m4ldbsubsy\mak\win64\release\m4ldbsubsydll.lib">
      <Filter>lib\win64_release</Filter>
    </Library>
    <Library Include="..\..\m4log\mak\win32\debug\m4logdll.lib">
      <Filter>lib\win32_debug</Filter>
    </Library>
    <Library Include="..\..\m4log\mak\win32\release\m4logdll.lib">
      <Filter>lib\win32_release</Filter>
    </Library>
    <Library Include="..\..\m4log\mak\win64\debug\m4logdll.lib">
      <Filter>lib\win64_debug</Filter>
    </Library>
    <Library Include="..\..\m4log\mak\win64\release\m4logdll.lib">
      <Filter>lib\win64_release</Filter>
    </Library>
    <Library Include="..\..\m4memdbg\mak\win32\debug\m4memdbg.lib">
      <Filter>lib\win32_debug</Filter>
    </Library>
    <Library Include="..\..\m4memdbg\mak\win32\release\m4memdbg.lib">
      <Filter>lib\win32_release</Filter>
    </Library>
    <Library Include="..\..\m4memdbg\mak\win64\debug\m4memdbg.lib">
      <Filter>lib\win64_debug</Filter>
    </Library>
    <Library Include="..\..\m4memdbg\mak\win64\release\m4memdbg.lib">
      <Filter>lib\win64_release</Filter>
    </Library>
    <Library Include="..\..\m4meminfo\mak\win32\debug\m4meminfo.lib">
      <Filter>lib\win32_debug</Filter>
    </Library>
    <Library Include="..\..\m4meminfo\mak\win32\release\m4meminfo.lib">
      <Filter>lib\win32_release</Filter>
    </Library>
    <Library Include="..\..\m4meminfo\mak\win64\debug\m4meminfo.lib">
      <Filter>lib\win64_debug</Filter>
    </Library>
    <Library Include="..\..\m4meminfo\mak\win64\release\m4meminfo.lib">
      <Filter>lib\win64_release</Filter>
    </Library>
    <Library Include="..\..\m4objreg\mak\win32\debug\m4objreg.lib">
      <Filter>lib\win32_debug</Filter>
    </Library>
    <Library Include="..\..\m4objreg\mak\win32\release\m4objreg.lib">
      <Filter>lib\win32_release</Filter>
    </Library>
    <Library Include="..\..\m4objreg\mak\win64\debug\m4objreg.lib">
      <Filter>lib\win64_debug</Filter>
    </Library>
    <Library Include="..\..\m4objreg\mak\win64\release\m4objreg.lib">
      <Filter>lib\win64_release</Filter>
    </Library>
    <Library Include="..\..\m4obl\mak\win32\debug\m4obl32.lib">
      <Filter>lib\win32_debug</Filter>
    </Library>
    <Library Include="..\..\m4obl\mak\win32\release\m4obl32.lib">
      <Filter>lib\win32_release</Filter>
    </Library>
    <Library Include="..\..\m4obl\mak\win64\debug\m4obl32.lib">
      <Filter>lib\win64_debug</Filter>
    </Library>
    <Library Include="..\..\m4obl\mak\win64\release\m4obl32.lib">
      <Filter>lib\win64_release</Filter>
    </Library>
    <Library Include="..\..\m4oeinit\mak\win32\debug\server\m4oeinit.lib">
      <Filter>lib\win32_debug</Filter>
    </Library>
    <Library Include="..\..\m4oeinit\mak\win32\release\server\m4oeinit.lib">
      <Filter>lib\win32_release</Filter>
    </Library>
    <Library Include="..\..\m4oeinit\mak\win64\debug\server\m4oeinit.lib">
      <Filter>lib\win64_debug</Filter>
    </Library>
    <Library Include="..\..\m4oeinit\mak\win64\release\server\m4oeinit.lib">
      <Filter>lib\win64_release</Filter>
    </Library>
    <Library Include="..\..\m4pdus\mak\win32\debug\m4pdusdll.lib">
      <Filter>lib\win32_debug</Filter>
    </Library>
    <Library Include="..\..\m4pdus\mak\win32\release\m4pdusdll.lib">
      <Filter>lib\win32_release</Filter>
    </Library>
    <Library Include="..\..\m4pdus\mak\win64\debug\m4pdusdll.lib">
      <Filter>lib\win64_debug</Filter>
    </Library>
    <Library Include="..\..\m4pdus\mak\win64\release\m4pdusdll.lib">
      <Filter>lib\win64_release</Filter>
    </Library>
    <Library Include="..\..\m4request\mak\win32\debug\m4requestdll.lib">
      <Filter>lib\win32_debug</Filter>
    </Library>
    <Library Include="..\..\m4request\mak\win32\release\m4requestdll.lib">
      <Filter>lib\win32_release</Filter>
    </Library>
    <Library Include="..\..\m4request\mak\win64\debug\m4requestdll.lib">
      <Filter>lib\win64_debug</Filter>
    </Library>
    <Library Include="..\..\m4request\mak\win64\release\m4requestdll.lib">
      <Filter>lib\win64_release</Filter>
    </Library>
    <Library Include="..\..\m4servenv\mak\win32\debug\m4servenvdll.lib">
      <Filter>lib\win32_debug</Filter>
    </Library>
    <Library Include="..\..\m4servenv\mak\win32\release\m4servenvdll.lib">
      <Filter>lib\win32_release</Filter>
    </Library>
    <Library Include="..\..\m4servenv\mak\win64\debug\m4servenvdll.lib">
      <Filter>lib\win64_debug</Filter>
    </Library>
    <Library Include="..\..\m4servenv\mak\win64\release\m4servenvdll.lib">
      <Filter>lib\win64_release</Filter>
    </Library>
    <Library Include="..\..\m4serverbase\mak\win32\debug\m4serverbasedll.lib">
      <Filter>lib\win32_debug</Filter>
    </Library>
    <Library Include="..\..\m4serverbase\mak\win32\release\m4serverbasedll.lib">
      <Filter>lib\win32_release</Filter>
    </Library>
    <Library Include="..\..\m4serverbase\mak\win64\debug\m4serverbasedll.lib">
      <Filter>lib\win64_debug</Filter>
    </Library>
    <Library Include="..\..\m4serverbase\mak\win64\release\m4serverbasedll.lib">
      <Filter>lib\win64_release</Filter>
    </Library>
    <Library Include="..\..\m4serverevent\mak\win32\debug\m4serverevent.lib">
      <Filter>lib\win32_debug</Filter>
    </Library>
    <Library Include="..\..\m4serverevent\mak\win32\release\m4serverevent.lib">
      <Filter>lib\win32_release</Filter>
    </Library>
    <Library Include="..\..\m4serverevent\mak\win64\debug\m4serverevent.lib">
      <Filter>lib\win64_debug</Filter>
    </Library>
    <Library Include="..\..\m4serverevent\mak\win64\release\m4serverevent.lib">
      <Filter>lib\win64_release</Filter>
    </Library>
    <Library Include="..\..\m4snmpss\mak\win32\debug\m4snmpss.lib">
      <Filter>lib\win32_debug</Filter>
    </Library>
    <Library Include="..\..\m4snmpss\mak\win32\release\m4snmpss.lib">
      <Filter>lib\win32_release</Filter>
    </Library>
    <Library Include="..\..\m4snmpss\mak\win64\debug\m4snmpss.lib">
      <Filter>lib\win64_debug</Filter>
    </Library>
    <Library Include="..\..\m4snmpss\mak\win64\release\m4snmpss.lib">
      <Filter>lib\win64_release</Filter>
    </Library>
    <Library Include="..\..\m4subsystems\mak\win32\debug\m4subsystemsdll.lib">
      <Filter>lib\win32_debug</Filter>
    </Library>
    <Library Include="..\..\m4subsystems\mak\win32\release\m4subsystemsdll.lib">
      <Filter>lib\win32_release</Filter>
    </Library>
    <Library Include="..\..\m4subsystems\mak\win64\debug\m4subsystemsdll.lib">
      <Filter>lib\win64_debug</Filter>
    </Library>
    <Library Include="..\..\m4subsystems\mak\win64\release\m4subsystemsdll.lib">
      <Filter>lib\win64_release</Filter>
    </Library>
    <Library Include="..\..\m4sysall\mak\win32\debug\m4sysall.lib">
      <Filter>lib\win32_debug</Filter>
    </Library>
    <Library Include="..\..\m4sysall\mak\win32\release\m4sysall.lib">
      <Filter>lib\win32_release</Filter>
    </Library>
    <Library Include="..\..\m4sysall\mak\win64\debug\m4sysall.lib">
      <Filter>lib\win64_debug</Filter>
    </Library>
    <Library Include="..\..\m4sysall\mak\win64\release\m4sysall.lib">
      <Filter>lib\win64_release</Filter>
    </Library>
    <Library Include="..\..\m4transport\mak\win32\debug\m4transport.lib">
      <Filter>lib\win32_debug</Filter>
    </Library>
    <Library Include="..\..\m4transport\mak\win32\release\m4transport.lib">
      <Filter>lib\win32_release</Filter>
    </Library>
    <Library Include="..\..\m4transport\mak\win64\debug\m4transport.lib">
      <Filter>lib\win64_debug</Filter>
    </Library>
    <Library Include="..\..\m4transport\mak\win64\release\m4transport.lib">
      <Filter>lib\win64_release</Filter>
    </Library>
    <Library Include="..\..\m4tsap\mak\win32\debug\m4tsapdll.lib">
      <Filter>lib\win32_debug</Filter>
    </Library>
    <Library Include="..\..\m4tsap\mak\win32\release\m4tsapdll.lib">
      <Filter>lib\win32_release</Filter>
    </Library>
    <Library Include="..\..\m4tsap\mak\win64\debug\m4tsapdll.lib">
      <Filter>lib\win64_debug</Filter>
    </Library>
    <Library Include="..\..\m4tsap\mak\win64\release\m4tsapdll.lib">
      <Filter>lib\win64_release</Filter>
    </Library>
    <Library Include="..\..\m4unicode\mak\win32\debug\m4unicode.lib">
      <Filter>lib\win32_debug</Filter>
    </Library>
    <Library Include="..\..\m4unicode\mak\win32\release\m4unicode.lib">
      <Filter>lib\win32_release</Filter>
    </Library>
    <Library Include="..\..\m4unicode\mak\win64\debug\m4unicode.lib">
      <Filter>lib\win64_debug</Filter>
    </Library>
    <Library Include="..\..\m4unicode\mak\win64\release\m4unicode.lib">
      <Filter>lib\win64_release</Filter>
    </Library>
    <Library Include="..\..\m4userinterface\mak\win32\debug\m4userinterfacedll.lib">
      <Filter>lib\win32_debug</Filter>
    </Library>
    <Library Include="..\..\m4userinterface\mak\win32\release\m4userinterfacedll.lib">
      <Filter>lib\win32_release</Filter>
    </Library>
    <Library Include="..\..\m4userinterface\mak\win64\debug\m4userinterfacedll.lib">
      <Filter>lib\win64_debug</Filter>
    </Library>
    <Library Include="..\..\m4userinterface\mak\win64\release\m4userinterfacedll.lib">
      <Filter>lib\win64_release</Filter>
    </Library>
    <Library Include="..\..\m4xmlutil\mak\win32\debug\m4xmlutil.lib">
      <Filter>lib\win32_debug</Filter>
    </Library>
    <Library Include="..\..\m4xmlutil\mak\win32\release\m4xmlutil.lib">
      <Filter>lib\win32_release</Filter>
    </Library>
    <Library Include="..\..\m4xmlutil\mak\win64\debug\m4xmlutil.lib">
      <Filter>lib\win64_debug</Filter>
    </Library>
    <Library Include="..\..\m4xmlutil\mak\win64\release\m4xmlutil.lib">
      <Filter>lib\win64_release</Filter>
    </Library>
  </ItemGroup>
  <ItemGroup>
    <CustomBuild Include="m4comsrv.prj">
      <Filter>mak</Filter>
    </CustomBuild>
  </ItemGroup>
  <ItemGroup>
    <None Include="m4comsrv.touch">
      <Filter>mak</Filter>
    </None>
  </ItemGroup>
</Project>