<?xml version="1.0" encoding="utf-8"?>
<Project ToolsVersion="4.0" xmlns="http://schemas.microsoft.com/developer/msbuild/2003">
  <ItemGroup>
    <Filter Include="inc">
      <UniqueIdentifier>{306105b1-0374-4faa-9fe6-09c9fdedaa08}</UniqueIdentifier>
    </Filter>
    <Filter Include="src">
      <UniqueIdentifier>{6393957a-3600-45c9-b531-33515bb33df6}</UniqueIdentifier>
    </Filter>
    <Filter Include="rc">
      <UniqueIdentifier>{99d1651b-d338-42cf-a8b2-fb6f091a98d3}</UniqueIdentifier>
    </Filter>
    <Filter Include="mak">
      <UniqueIdentifier>{63a374e0-3029-405e-851d-9786992a6277}</UniqueIdentifier>
    </Filter>
    <Filter Include="lib">
      <UniqueIdentifier>{247975d9-c61f-4a2b-a6aa-cddadf995063}</UniqueIdentifier>
      <SourceControlFiles>False</SourceControlFiles>
    </Filter>
    <Filter Include="lib\win32_debug">
      <UniqueIdentifier>{63a14da5-a620-47f8-8bbe-13872cde1284}</UniqueIdentifier>
      <SourceControlFiles>False</SourceControlFiles>
    </Filter>
    <Filter Include="lib\win32_release">
      <UniqueIdentifier>{31490f86-88a1-4266-b7cf-a84114215614}</UniqueIdentifier>
      <SourceControlFiles>False</SourceControlFiles>
    </Filter>
    <Filter Include="lib\win64_debug">
      <UniqueIdentifier>{2be32314-c7fc-4dc6-a7d4-10337bd7b6fa}</UniqueIdentifier>
      <SourceControlFiles>False</SourceControlFiles>
    </Filter>
    <Filter Include="lib\win64_release">
      <UniqueIdentifier>{52b144c4-349b-4ff5-bf36-6673c1a5c574}</UniqueIdentifier>
      <SourceControlFiles>False</SourceControlFiles>
    </Filter>
  </ItemGroup>
  <ItemGroup>
    <ClInclude Include="..\inc\m4subsystems_dll.hpp">
      <Filter>inc</Filter>
    </ClInclude>
    <ClInclude Include="..\inc\clexecutivebasess.hpp">
      <Filter>inc</Filter>
    </ClInclude>
    <ClInclude Include="..\inc\clservicebasess.hpp">
      <Filter>inc</Filter>
    </ClInclude>
    <ClInclude Include="..\inc\clssaction.hpp">
      <Filter>inc</Filter>
    </ClInclude>
    <ClInclude Include="..\inc\clssfactoryinterfaz.hpp">
      <Filter>inc</Filter>
    </ClInclude>
    <ClInclude Include="..\inc\clssimplementacion.hpp">
      <Filter>inc</Filter>
    </ClInclude>
    <ClInclude Include="..\inc\clssinterfaz.hpp">
      <Filter>inc</Filter>
    </ClInclude>
    <ClInclude Include="..\inc\clssinvoker.hpp">
      <Filter>inc</Filter>
    </ClInclude>
    <ClInclude Include="..\inc\m4actionconstants.hpp">
      <Filter>inc</Filter>
    </ClInclude>
    <ClInclude Include="..\inc\m4ssapi4snmp.hpp">
      <Filter>inc</Filter>
    </ClInclude>
    <ClInclude Include="..\inc\queuebasedss.hpp">
      <Filter>inc</Filter>
    </ClInclude>
    <ClInclude Include="..\inc\servicestats.hpp">
      <Filter>inc</Filter>
    </ClInclude>
    <ClInclude Include="..\inc\ssnames.hpp">
      <Filter>inc</Filter>
    </ClInclude>
  </ItemGroup>
  <ItemGroup>
    <ClCompile Include="..\rc\m4subsystems.what.cpp">
      <Filter>rc</Filter>
    </ClCompile>
    <ClCompile Include="..\src\clexecutivebasess.cpp">
      <Filter>src</Filter>
    </ClCompile>
    <ClCompile Include="..\src\clservicebasess.cpp">
      <Filter>src</Filter>
    </ClCompile>
    <ClCompile Include="..\src\clssaction.cpp">
      <Filter>src</Filter>
    </ClCompile>
    <ClCompile Include="..\src\clssimplementacion.cpp">
      <Filter>src</Filter>
    </ClCompile>
    <ClCompile Include="..\src\clssinterfaz.cpp">
      <Filter>src</Filter>
    </ClCompile>
    <ClCompile Include="..\src\clssinvoker.cpp">
      <Filter>src</Filter>
    </ClCompile>
    <ClCompile Include="..\src\m4ssapi4snmp.cpp">
      <Filter>src</Filter>
    </ClCompile>
    <ClCompile Include="..\src\servicestats.cpp">
      <Filter>src</Filter>
    </ClCompile>
  </ItemGroup>
  <ItemGroup>
    <ResourceCompile Include="..\rc\m4subsystems.rc">
      <Filter>rc</Filter>
    </ResourceCompile>
  </ItemGroup>
  <ItemGroup>
    <Library Include="..\..\m4configtree\mak\win32\debug\m4configtreedll.lib">
      <Filter>lib\win32_debug</Filter>
    </Library>
    <Library Include="..\..\m4configtree\mak\win32\release\m4configtreedll.lib">
      <Filter>lib\win32_release</Filter>
    </Library>
    <Library Include="..\..\m4configtree\mak\win64\debug\m4configtreedll.lib">
      <Filter>lib\win64_debug</Filter>
    </Library>
    <Library Include="..\..\m4configtree\mak\win64\release\m4configtreedll.lib">
      <Filter>lib\win64_release</Filter>
    </Library>
    <Library Include="..\..\m4configuration\mak\win32\debug\m4configurationdll.lib">
      <Filter>lib\win32_debug</Filter>
    </Library>
    <Library Include="..\..\m4configuration\mak\win32\release\m4configurationdll.lib">
      <Filter>lib\win32_release</Filter>
    </Library>
    <Library Include="..\..\m4configuration\mak\win64\debug\m4configurationdll.lib">
      <Filter>lib\win64_debug</Filter>
    </Library>
    <Library Include="..\..\m4configuration\mak\win64\release\m4configurationdll.lib">
      <Filter>lib\win64_release</Filter>
    </Library>
    <Library Include="..\..\m4date\mak\win32\debug\m4datedll.lib">
      <Filter>lib\win32_debug</Filter>
    </Library>
    <Library Include="..\..\m4date\mak\win32\release\m4datedll.lib">
      <Filter>lib\win32_release</Filter>
    </Library>
    <Library Include="..\..\m4date\mak\win64\debug\m4datedll.lib">
      <Filter>lib\win64_debug</Filter>
    </Library>
    <Library Include="..\..\m4date\mak\win64\release\m4datedll.lib">
      <Filter>lib\win64_release</Filter>
    </Library>
    <Library Include="..\..\m4executive\mak\win32\debug\m4executivedll.lib">
      <Filter>lib\win32_debug</Filter>
    </Library>
    <Library Include="..\..\m4executive\mak\win32\release\m4executivedll.lib">
      <Filter>lib\win32_release</Filter>
    </Library>
    <Library Include="..\..\m4executive\mak\win64\debug\m4executivedll.lib">
      <Filter>lib\win64_debug</Filter>
    </Library>
    <Library Include="..\..\m4executive\mak\win64\release\m4executivedll.lib">
      <Filter>lib\win64_release</Filter>
    </Library>
    <Library Include="..\..\m4idgenerator\mak\win32\debug\m4idgeneratordll.lib">
      <Filter>lib\win32_debug</Filter>
    </Library>
    <Library Include="..\..\m4idgenerator\mak\win32\release\m4idgeneratordll.lib">
      <Filter>lib\win32_release</Filter>
    </Library>
    <Library Include="..\..\m4idgenerator\mak\win64\debug\m4idgeneratordll.lib">
      <Filter>lib\win64_debug</Filter>
    </Library>
    <Library Include="..\..\m4idgenerator\mak\win64\release\m4idgeneratordll.lib">
      <Filter>lib\win64_release</Filter>
    </Library>
    <Library Include="..\..\m4ipcs\mak\win32\debug\m4ipcsdll.lib">
      <Filter>lib\win32_debug</Filter>
    </Library>
    <Library Include="..\..\m4ipcs\mak\win32\release\m4ipcsdll.lib">
      <Filter>lib\win32_release</Filter>
    </Library>
    <Library Include="..\..\m4ipcs\mak\win64\debug\m4ipcsdll.lib">
      <Filter>lib\win64_debug</Filter>
    </Library>
    <Library Include="..\..\m4ipcs\mak\win64\release\m4ipcsdll.lib">
      <Filter>lib\win64_release</Filter>
    </Library>
    <Library Include="..\..\m4log\mak\win32\debug\m4logdll.lib">
      <Filter>lib\win32_debug</Filter>
    </Library>
    <Library Include="..\..\m4log\mak\win32\release\m4logdll.lib">
      <Filter>lib\win32_release</Filter>
    </Library>
    <Library Include="..\..\m4log\mak\win64\debug\m4logdll.lib">
      <Filter>lib\win64_debug</Filter>
    </Library>
    <Library Include="..\..\m4log\mak\win64\release\m4logdll.lib">
      <Filter>lib\win64_release</Filter>
    </Library>
    <Library Include="..\..\m4memdbg\mak\win32\debug\m4memdbg.lib">
      <Filter>lib\win32_debug</Filter>
    </Library>
    <Library Include="..\..\m4memdbg\mak\win32\release\m4memdbg.lib">
      <Filter>lib\win32_release</Filter>
    </Library>
    <Library Include="..\..\m4memdbg\mak\win64\debug\m4memdbg.lib">
      <Filter>lib\win64_debug</Filter>
    </Library>
    <Library Include="..\..\m4memdbg\mak\win64\release\m4memdbg.lib">
      <Filter>lib\win64_release</Filter>
    </Library>
    <Library Include="..\..\m4objlog\mak\win32\debug\m4objlog.lib">
      <Filter>lib\win32_debug</Filter>
    </Library>
    <Library Include="..\..\m4objlog\mak\win32\release\m4objlog.lib">
      <Filter>lib\win32_release</Filter>
    </Library>
    <Library Include="..\..\m4objlog\mak\win64\debug\m4objlog.lib">
      <Filter>lib\win64_debug</Filter>
    </Library>
    <Library Include="..\..\m4objlog\mak\win64\release\m4objlog.lib">
      <Filter>lib\win64_release</Filter>
    </Library>
    <Library Include="..\..\m4pdus\mak\win32\debug\m4pdusdll.lib">
      <Filter>lib\win32_debug</Filter>
    </Library>
    <Library Include="..\..\m4pdus\mak\win32\release\m4pdusdll.lib">
      <Filter>lib\win32_release</Filter>
    </Library>
    <Library Include="..\..\m4pdus\mak\win64\debug\m4pdusdll.lib">
      <Filter>lib\win64_debug</Filter>
    </Library>
    <Library Include="..\..\m4pdus\mak\win64\release\m4pdusdll.lib">
      <Filter>lib\win64_release</Filter>
    </Library>
    <Library Include="..\..\m4request\mak\win32\debug\m4requestdll.lib">
      <Filter>lib\win32_debug</Filter>
    </Library>
    <Library Include="..\..\m4request\mak\win32\release\m4requestdll.lib">
      <Filter>lib\win32_release</Filter>
    </Library>
    <Library Include="..\..\m4request\mak\win64\debug\m4requestdll.lib">
      <Filter>lib\win64_debug</Filter>
    </Library>
    <Library Include="..\..\m4request\mak\win64\release\m4requestdll.lib">
      <Filter>lib\win64_release</Filter>
    </Library>
    <Library Include="..\..\m4serverbase\mak\win32\debug\m4serverbasedll.lib">
      <Filter>lib\win32_debug</Filter>
    </Library>
    <Library Include="..\..\m4serverbase\mak\win32\release\m4serverbasedll.lib">
      <Filter>lib\win32_release</Filter>
    </Library>
    <Library Include="..\..\m4serverbase\mak\win64\debug\m4serverbasedll.lib">
      <Filter>lib\win64_debug</Filter>
    </Library>
    <Library Include="..\..\m4serverbase\mak\win64\release\m4serverbasedll.lib">
      <Filter>lib\win64_release</Filter>
    </Library>
    <Library Include="..\..\m4serverevent\mak\win32\debug\m4serverevent.lib">
      <Filter>lib\win32_debug</Filter>
    </Library>
    <Library Include="..\..\m4serverevent\mak\win32\release\m4serverevent.lib">
      <Filter>lib\win32_release</Filter>
    </Library>
    <Library Include="..\..\m4serverevent\mak\win64\debug\m4serverevent.lib">
      <Filter>lib\win64_debug</Filter>
    </Library>
    <Library Include="..\..\m4serverevent\mak\win64\release\m4serverevent.lib">
      <Filter>lib\win64_release</Filter>
    </Library>
    <Library Include="..\..\m4snmpadmin\mak\win32\debug\m4snmpadmin.lib">
      <Filter>lib\win32_debug</Filter>
    </Library>
    <Library Include="..\..\m4snmpadmin\mak\win32\release\m4snmpadmin.lib">
      <Filter>lib\win32_release</Filter>
    </Library>
    <Library Include="..\..\m4snmpadmin\mak\win64\debug\m4snmpadmin.lib">
      <Filter>lib\win64_debug</Filter>
    </Library>
    <Library Include="..\..\m4snmpadmin\mak\win64\release\m4snmpadmin.lib">
      <Filter>lib\win64_release</Filter>
    </Library>
  </ItemGroup>
  <ItemGroup>
    <CustomBuild Include="m4subsystems.prj">
      <Filter>mak</Filter>
    </CustomBuild>
  </ItemGroup>
  <ItemGroup>
    <None Include="m4subsystems.touch">
      <Filter>mak</Filter>
    </None>
  </ItemGroup>
</Project>