<?xml version="1.0" encoding="utf-8"?>
<Project ToolsVersion="4.0" xmlns="http://schemas.microsoft.com/developer/msbuild/2003">
  <ItemGroup>
    <Filter Include="inc">
      <UniqueIdentifier>{306105b1-0374-4faa-9fe6-09c9fdedaa08}</UniqueIdentifier>
    </Filter>
    <Filter Include="src">
      <UniqueIdentifier>{6393957a-3600-45c9-b531-33515bb33df6}</UniqueIdentifier>
    </Filter>
    <Filter Include="rc">
      <UniqueIdentifier>{99d1651b-d338-42cf-a8b2-fb6f091a98d3}</UniqueIdentifier>
    </Filter>
    <Filter Include="mak">
      <UniqueIdentifier>{63a374e0-3029-405e-851d-9786992a6277}</UniqueIdentifier>
    </Filter>
    <Filter Include="lib">
      <UniqueIdentifier>{247975d9-c61f-4a2b-a6aa-cddadf995063}</UniqueIdentifier>
      <SourceControlFiles>False</SourceControlFiles>
    </Filter>
    <Filter Include="lib\win32_debug">
      <UniqueIdentifier>{63a14da5-a620-47f8-8bbe-13872cde1284}</UniqueIdentifier>
      <SourceControlFiles>False</SourceControlFiles>
    </Filter>
    <Filter Include="lib\win32_release">
      <UniqueIdentifier>{31490f86-88a1-4266-b7cf-a84114215614}</UniqueIdentifier>
      <SourceControlFiles>False</SourceControlFiles>
    </Filter>
    <Filter Include="lib\win64_debug">
      <UniqueIdentifier>{2be32314-c7fc-4dc6-a7d4-10337bd7b6fa}</UniqueIdentifier>
      <SourceControlFiles>False</SourceControlFiles>
    </Filter>
    <Filter Include="lib\win64_release">
      <UniqueIdentifier>{52b144c4-349b-4ff5-bf36-6673c1a5c574}</UniqueIdentifier>
      <SourceControlFiles>False</SourceControlFiles>
    </Filter>
  </ItemGroup>
  <ItemGroup>
    <ClInclude Include="..\inc\m4csdll_dll.hpp">
      <Filter>inc</Filter>
    </ClInclude>
    <ClInclude Include="..\inc\clcstimeout.h">
      <Filter>inc</Filter>
    </ClInclude>
    <ClInclude Include="..\inc\clcstimeoutch.h">
      <Filter>inc</Filter>
    </ClInclude>
    <ClInclude Include="..\inc\cleventdial.h">
      <Filter>inc</Filter>
    </ClInclude>
    <ClInclude Include="..\inc\csexternal.hpp">
      <Filter>inc</Filter>
    </ClInclude>
    <ClInclude Include="..\inc\m4csdll.h">
      <Filter>inc</Filter>
    </ClInclude>
    <ClInclude Include="..\inc\stdafx.h">
      <Filter>inc</Filter>
    </ClInclude>
    <ClInclude Include="..\rc\resource.h">
      <Filter>rc</Filter>
    </ClInclude>
  </ItemGroup>
  <ItemGroup>
    <ResourceCompile Include="..\rc\m4csdll.rc">
      <Filter>rc</Filter>
    </ResourceCompile>
    <ResourceCompile Include="..\rc\csdll.rc">
      <Filter>rc</Filter>
    </ResourceCompile>
  </ItemGroup>
  <ItemGroup>
    <CustomBuild Include="..\rc\m4csdllmsgs.mc">
      <Filter>rc</Filter>
    </CustomBuild>
  </ItemGroup>
  <ItemGroup>
    <None Include="m4csdll.touch">
      <Filter>mak</Filter>
    </None>
  </ItemGroup>
  <ItemGroup>
    <ClCompile Include="..\src\clcstimeout.cpp">
      <Filter>src</Filter>
    </ClCompile>
    <ClCompile Include="..\src\clcstimeoutch.cpp">
      <Filter>src</Filter>
    </ClCompile>
    <ClCompile Include="..\src\cleventdial.cpp">
      <Filter>src</Filter>
    </ClCompile>
    <ClCompile Include="..\src\csexternal.cpp">
      <Filter>src</Filter>
    </ClCompile>
    <ClCompile Include="..\src\m4csdll.cpp">
      <Filter>src</Filter>
    </ClCompile>
  </ItemGroup>
  <ItemGroup>
    <Image Include="..\rc\error.ico">
      <Filter>rc</Filter>
    </Image>
    <Image Include="..\rc\exclamat.ico">
      <Filter>rc</Filter>
    </Image>
    <Image Include="..\rc\informat.ico">
      <Filter>rc</Filter>
    </Image>
    <Image Include="..\rc\message.bmp">
      <Filter>rc</Filter>
    </Image>
    <Image Include="..\rc\question.ico">
      <Filter>rc</Filter>
    </Image>
    <Image Include="..\rc\timeout.bmp">
      <Filter>rc</Filter>
    </Image>
  </ItemGroup>
</Project>