<?xml version="1.0" encoding="utf-8"?>
<Project ToolsVersion="4.0" xmlns="http://schemas.microsoft.com/developer/msbuild/2003">
  <ItemGroup>
    <Filter Include="inc">
      <UniqueIdentifier>{306105b1-0374-4faa-9fe6-09c9fdedaa08}</UniqueIdentifier>
    </Filter>
    <Filter Include="src">
      <UniqueIdentifier>{6393957a-3600-45c9-b531-33515bb33df6}</UniqueIdentifier>
    </Filter>
    <Filter Include="rc">
      <UniqueIdentifier>{99d1651b-d338-42cf-a8b2-fb6f091a98d3}</UniqueIdentifier>
    </Filter>
    <Filter Include="mak">
      <UniqueIdentifier>{63a374e0-3029-405e-851d-9786992a6277}</UniqueIdentifier>
    </Filter>
    <Filter Include="lib">
      <UniqueIdentifier>{247975d9-c61f-4a2b-a6aa-cddadf995063}</UniqueIdentifier>
      <SourceControlFiles>False</SourceControlFiles>
    </Filter>
    <Filter Include="lib\win32_debug">
      <UniqueIdentifier>{63a14da5-a620-47f8-8bbe-13872cde1284}</UniqueIdentifier>
      <SourceControlFiles>False</SourceControlFiles>
    </Filter>
    <Filter Include="lib\win32_release">
      <UniqueIdentifier>{31490f86-88a1-4266-b7cf-a84114215614}</UniqueIdentifier>
      <SourceControlFiles>False</SourceControlFiles>
    </Filter>
    <Filter Include="lib\win64_debug">
      <UniqueIdentifier>{2be32314-c7fc-4dc6-a7d4-10337bd7b6fa}</UniqueIdentifier>
      <SourceControlFiles>False</SourceControlFiles>
    </Filter>
    <Filter Include="lib\win64_release">
      <UniqueIdentifier>{52b144c4-349b-4ff5-bf36-6673c1a5c574}</UniqueIdentifier>
      <SourceControlFiles>False</SourceControlFiles>
    </Filter>
  </ItemGroup>
  <ItemGroup>
    <Library Include="..\..\m4dm\mak\win32\debug\m4dm.lib">
      <Filter>lib\win32_debug</Filter>
    </Library>
    <Library Include="..\..\m4dm\mak\win32\release\m4dm.lib">
      <Filter>lib\win32_release</Filter>
    </Library>
    <Library Include="..\..\m4dm\mak\win64\debug\m4dm.lib">
      <Filter>lib\win64_debug</Filter>
    </Library>
    <Library Include="..\..\m4dm\mak\win64\release\m4dm.lib">
      <Filter>lib\win64_release</Filter>
    </Library>
    <Library Include="..\..\m4objglb\mak\win32\debug\m4objglb.lib">
      <Filter>lib\win32_debug</Filter>
    </Library>
    <Library Include="..\..\m4objglb\mak\win32\release\m4objglb.lib">
      <Filter>lib\win32_release</Filter>
    </Library>
    <Library Include="..\..\m4objglb\mak\win64\debug\m4objglb.lib">
      <Filter>lib\win64_debug</Filter>
    </Library>
    <Library Include="..\..\m4objglb\mak\win64\release\m4objglb.lib">
      <Filter>lib\win64_release</Filter>
    </Library>
    <Library Include="..\..\m4unicode\mak\win32\debug\m4unicode.lib">
      <Filter>lib\win32_debug</Filter>
    </Library>
    <Library Include="..\..\m4unicode\mak\win32\release\m4unicode.lib">
      <Filter>lib\win32_release</Filter>
    </Library>
    <Library Include="..\..\m4unicode\mak\win64\debug\m4unicode.lib">
      <Filter>lib\win64_debug</Filter>
    </Library>
    <Library Include="..\..\m4unicode\mak\win64\release\m4unicode.lib">
      <Filter>lib\win64_release</Filter>
    </Library>
  </ItemGroup>
  <ItemGroup>
    <None Include="m4prop.def">
      <Filter>mak</Filter>
    </None>
    <None Include="m4prop.touch">
      <Filter>mak</Filter>
    </None>
    <None Include="..\rc\cchildcol.rgs">
      <Filter>rc</Filter>
    </None>
    <None Include="..\rc\cchildcoldef.rgs">
      <Filter>rc</Filter>
    </None>
    <None Include="..\rc\cdefprop.rgs">
      <Filter>rc</Filter>
    </None>
    <None Include="..\rc\containedobjects.rgs">
      <Filter>rc</Filter>
    </None>
    <None Include="..\rc\convertpropbag.rgs">
      <Filter>rc</Filter>
    </None>
    <None Include="..\rc\cpropbag.rgs">
      <Filter>rc</Filter>
    </None>
    <None Include="..\rc\cpropbagdef.rgs">
      <Filter>rc</Filter>
    </None>
    <None Include="..\rc\cpropcol.rgs">
      <Filter>rc</Filter>
    </None>
    <None Include="..\rc\cpropcoldef.rgs">
      <Filter>rc</Filter>
    </None>
    <None Include="..\rc\cproperty.rgs">
      <Filter>rc</Filter>
    </None>
    <None Include="..\rc\csingleprop.rgs">
      <Filter>rc</Filter>
    </None>
    <None Include="..\rc\csingleproperty.rgs">
      <Filter>rc</Filter>
    </None>
    <None Include="..\rc\dataproperties.rgs">
      <Filter>rc</Filter>
    </None>
    <None Include="..\rc\dgenericobject.rgs">
      <Filter>rc</Filter>
    </None>
    <None Include="..\rc\eocollection.rgs">
      <Filter>rc</Filter>
    </None>
    <None Include="..\rc\mdcollection.rgs">
      <Filter>rc</Filter>
    </None>
    <None Include="..\rc\mdobject.rgs">
      <Filter>rc</Filter>
    </None>
    <None Include="..\rc\menuitem.rgs">
      <Filter>rc</Filter>
    </None>
    <None Include="..\rc\menupoppup.rgs">
      <Filter>rc</Filter>
    </None>
    <None Include="..\rc\oblparser.rgs">
      <Filter>rc</Filter>
    </None>
    <None Include="..\rc\persistobject.rgs">
      <Filter>rc</Filter>
    </None>
    <None Include="..\rc\propcol.rgs">
      <Filter>rc</Filter>
    </None>
    <None Include="..\rc\testcol.rgs">
      <Filter>rc</Filter>
    </None>
    <None Include="..\rc\traductprop.rgs">
      <Filter>rc</Filter>
    </None>
  </ItemGroup>
  <ItemGroup>
    <Midl Include="definitions.idl">
      <Filter>mak</Filter>
    </Midl>
    <Midl Include="m4prop.idl">
      <Filter>mak</Filter>
    </Midl>
  </ItemGroup>
  <ItemGroup>
    <ResourceCompile Include="..\rc\m4prop.rc">
      <Filter>rc</Filter>
    </ResourceCompile>
    <ResourceCompile Include="..\rc\prop.rc">
      <Filter>rc</Filter>
    </ResourceCompile>
  </ItemGroup>
  <ItemGroup>
    <ClInclude Include="..\rc\resource.h">
      <Filter>rc</Filter>
    </ClInclude>
    <ClInclude Include="..\inc\asnpersistpbd.h">
      <Filter>inc</Filter>
    </ClInclude>
    <ClInclude Include="..\inc\cchildcol.h">
      <Filter>inc</Filter>
    </ClInclude>
    <ClInclude Include="..\inc\cchildcoldef.h">
      <Filter>inc</Filter>
    </ClInclude>
    <ClInclude Include="..\inc\cdefprop.h">
      <Filter>inc</Filter>
    </ClInclude>
    <ClInclude Include="..\inc\cexeccollection.h">
      <Filter>inc</Filter>
    </ClInclude>
    <ClInclude Include="..\inc\cmycollection.h">
      <Filter>inc</Filter>
    </ClInclude>
    <ClInclude Include="..\inc\cmycollectionbycode.h">
      <Filter>inc</Filter>
    </ClInclude>
    <ClInclude Include="..\inc\coltemplate.h">
      <Filter>inc</Filter>
    </ClInclude>
    <ClInclude Include="..\inc\containedobjects.h">
      <Filter>inc</Filter>
    </ClInclude>
    <ClInclude Include="..\inc\convertpropbag.h">
      <Filter>inc</Filter>
    </ClInclude>
    <ClInclude Include="..\inc\cpm4prop.h">
      <Filter>inc</Filter>
    </ClInclude>
    <ClInclude Include="..\inc\cpropbag.h">
      <Filter>inc</Filter>
    </ClInclude>
    <ClInclude Include="..\inc\cpropbagdef.h">
      <Filter>inc</Filter>
    </ClInclude>
    <ClInclude Include="..\inc\cpropcol.h">
      <Filter>inc</Filter>
    </ClInclude>
    <ClInclude Include="..\inc\cpropcoldef.h">
      <Filter>inc</Filter>
    </ClInclude>
    <ClInclude Include="..\inc\cproperty.h">
      <Filter>inc</Filter>
    </ClInclude>
    <ClInclude Include="..\inc\csingleprop.h">
      <Filter>inc</Filter>
    </ClInclude>
    <ClInclude Include="..\inc\dataproperties.h">
      <Filter>inc</Filter>
    </ClInclude>
    <ClInclude Include="..\inc\dgenericobject.h">
      <Filter>inc</Filter>
    </ClInclude>
    <ClInclude Include="..\inc\eocollection.h">
      <Filter>inc</Filter>
    </ClInclude>
    <ClInclude Include="..\inc\logmanager.h">
      <Filter>inc</Filter>
    </ClInclude>
    <ClInclude Include="..\inc\m4prop_dll.hpp">
      <Filter>inc</Filter>
    </ClInclude>
    <ClInclude Include="..\inc\mdcollection.h">
      <Filter>inc</Filter>
    </ClInclude>
    <ClInclude Include="..\inc\mdobject.h">
      <Filter>inc</Filter>
    </ClInclude>
    <ClInclude Include="..\inc\menuitem.h">
      <Filter>inc</Filter>
    </ClInclude>
    <ClInclude Include="..\inc\menupoppup.h">
      <Filter>inc</Filter>
    </ClInclude>
    <ClInclude Include="..\inc\mybstr.h">
      <Filter>inc</Filter>
    </ClInclude>
    <ClInclude Include="..\inc\myvariant.h">
      <Filter>inc</Filter>
    </ClInclude>
    <ClInclude Include="..\inc\namepropmap.h">
      <Filter>inc</Filter>
    </ClInclude>
    <ClInclude Include="..\inc\oblparser.h">
      <Filter>inc</Filter>
    </ClInclude>
    <ClInclude Include="..\inc\pbddecode.h">
      <Filter>inc</Filter>
    </ClInclude>
    <ClInclude Include="..\inc\persistobject.h">
      <Filter>inc</Filter>
    </ClInclude>
    <ClInclude Include="..\inc\propcol.h">
      <Filter>inc</Filter>
    </ClInclude>
    <ClInclude Include="..\inc\propdata.h">
      <Filter>inc</Filter>
    </ClInclude>
    <ClInclude Include="..\inc\propmap.h">
      <Filter>inc</Filter>
    </ClInclude>
    <ClInclude Include="..\inc\stdafx.h">
      <Filter>inc</Filter>
    </ClInclude>
    <ClInclude Include="..\inc\traductprop.h">
      <Filter>inc</Filter>
    </ClInclude>
    <ClInclude Include="..\inc\traducttools.h">
      <Filter>inc</Filter>
    </ClInclude>
    <ClInclude Include="..\inc\xmlpersist.h">
      <Filter>inc</Filter>
    </ClInclude>
  </ItemGroup>
  <ItemGroup>
    <ClCompile Include="..\src\asnpersistpbd.cpp">
      <Filter>src</Filter>
    </ClCompile>
    <ClCompile Include="..\src\cchildcol.cpp">
      <Filter>src</Filter>
    </ClCompile>
    <ClCompile Include="..\src\cchildcoldef.cpp">
      <Filter>src</Filter>
    </ClCompile>
    <ClCompile Include="..\src\cdefprop.cpp">
      <Filter>src</Filter>
    </ClCompile>
    <ClCompile Include="..\src\containedobjects.cpp">
      <Filter>src</Filter>
    </ClCompile>
    <ClCompile Include="..\src\convertpropbag.cpp">
      <Filter>src</Filter>
    </ClCompile>
    <ClCompile Include="..\src\cpropbag.cpp">
      <Filter>src</Filter>
    </ClCompile>
    <ClCompile Include="..\src\cpropbagdef.cpp">
      <Filter>src</Filter>
    </ClCompile>
    <ClCompile Include="..\src\cpropcol.cpp">
      <Filter>src</Filter>
    </ClCompile>
    <ClCompile Include="..\src\cpropcoldef.cpp">
      <Filter>src</Filter>
    </ClCompile>
    <ClCompile Include="..\src\cproperty.cpp">
      <Filter>src</Filter>
    </ClCompile>
    <ClCompile Include="..\src\csingleprop.cpp">
      <Filter>src</Filter>
    </ClCompile>
    <ClCompile Include="..\src\dataproperties.cpp">
      <Filter>src</Filter>
    </ClCompile>
    <ClCompile Include="..\src\dgenericobject.cpp">
      <Filter>src</Filter>
    </ClCompile>
    <ClCompile Include="..\src\eocollection.cpp">
      <Filter>src</Filter>
    </ClCompile>
    <ClCompile Include="..\src\logmanager.cpp">
      <Filter>src</Filter>
    </ClCompile>
    <ClCompile Include="..\src\m4prop.cpp">
      <Filter>src</Filter>
    </ClCompile>
    <ClCompile Include="..\src\mdcollection.cpp">
      <Filter>src</Filter>
    </ClCompile>
    <ClCompile Include="..\src\mdobject.cpp">
      <Filter>src</Filter>
    </ClCompile>
    <ClCompile Include="..\src\menuitem.cpp">
      <Filter>src</Filter>
    </ClCompile>
    <ClCompile Include="..\src\menupoppup.cpp">
      <Filter>src</Filter>
    </ClCompile>
    <ClCompile Include="..\src\mybstr.cpp">
      <Filter>src</Filter>
    </ClCompile>
    <ClCompile Include="..\src\myvariant.cpp">
      <Filter>src</Filter>
    </ClCompile>
    <ClCompile Include="..\src\namepropmap.cpp">
      <Filter>src</Filter>
    </ClCompile>
    <ClCompile Include="..\src\oblparser.cpp">
      <Filter>src</Filter>
    </ClCompile>
    <ClCompile Include="..\src\pbddecode.cpp">
      <Filter>src</Filter>
    </ClCompile>
    <ClCompile Include="..\src\persistobject.cpp">
      <Filter>src</Filter>
    </ClCompile>
    <ClCompile Include="..\src\propcol.cpp">
      <Filter>src</Filter>
    </ClCompile>
    <ClCompile Include="..\src\propdata.cpp">
      <Filter>src</Filter>
    </ClCompile>
    <ClCompile Include="..\src\traductprop.cpp">
      <Filter>src</Filter>
    </ClCompile>
    <ClCompile Include="..\src\traducttools.cpp">
      <Filter>src</Filter>
    </ClCompile>
    <ClCompile Include="..\src\xmlpersist.cpp">
      <Filter>src</Filter>
    </ClCompile>
  </ItemGroup>
</Project>