<?xml version="1.0" encoding="utf-8"?>
<Project ToolsVersion="4.0" xmlns="http://schemas.microsoft.com/developer/msbuild/2003">
  <ItemGroup>
    <Filter Include="inc">
      <UniqueIdentifier>{306105b1-0374-4faa-9fe6-09c9fdedaa08}</UniqueIdentifier>
    </Filter>
    <Filter Include="src">
      <UniqueIdentifier>{6393957a-3600-45c9-b531-33515bb33df6}</UniqueIdentifier>
    </Filter>
    <Filter Include="rc">
      <UniqueIdentifier>{99d1651b-d338-42cf-a8b2-fb6f091a98d3}</UniqueIdentifier>
    </Filter>
    <Filter Include="mak">
      <UniqueIdentifier>{63a374e0-3029-405e-851d-9786992a6277}</UniqueIdentifier>
    </Filter>
    <Filter Include="lib">
      <UniqueIdentifier>{247975d9-c61f-4a2b-a6aa-cddadf995063}</UniqueIdentifier>
      <SourceControlFiles>False</SourceControlFiles>
    </Filter>
    <Filter Include="lib\win32_debug">
      <UniqueIdentifier>{63a14da5-a620-47f8-8bbe-13872cde1284}</UniqueIdentifier>
      <SourceControlFiles>False</SourceControlFiles>
    </Filter>
    <Filter Include="lib\win32_release">
      <UniqueIdentifier>{31490f86-88a1-4266-b7cf-a84114215614}</UniqueIdentifier>
      <SourceControlFiles>False</SourceControlFiles>
    </Filter>
    <Filter Include="lib\win64_debug">
      <UniqueIdentifier>{2be32314-c7fc-4dc6-a7d4-10337bd7b6fa}</UniqueIdentifier>
      <SourceControlFiles>False</SourceControlFiles>
    </Filter>
    <Filter Include="lib\win64_release">
      <UniqueIdentifier>{52b144c4-349b-4ff5-bf36-6673c1a5c574}</UniqueIdentifier>
      <SourceControlFiles>False</SourceControlFiles>
    </Filter>
    <Filter Include="src\windows">
      <UniqueIdentifier>{984947a5-a703-479a-82cb-d94804959209}</UniqueIdentifier>
    </Filter>
    <Filter Include="inc\windows">
      <UniqueIdentifier>{bcd6709f-d3e9-492f-a163-2ec5a481f642}</UniqueIdentifier>
    </Filter>
    <Filter Include="inc\unix">
      <UniqueIdentifier>{c97ab0d0-8147-4bc0-9503-90e24641df39}</UniqueIdentifier>
    </Filter>
    <Filter Include="src\unix">
      <UniqueIdentifier>{6c60f30c-6f40-456c-b1de-c1ea2e236a9a}</UniqueIdentifier>
    </Filter>
  </ItemGroup>
  <ItemGroup>
    <ClInclude Include="..\inc\m4tsap_dll.hpp">
      <Filter>inc</Filter>
    </ClInclude>
    <ClInclude Include="..\inc\gettsap.hpp">
      <Filter>inc</Filter>
    </ClInclude>
    <ClInclude Include="..\inc\m4winsock.hpp">
      <Filter>inc</Filter>
    </ClInclude>
    <ClInclude Include="..\inc\selectimpl.hpp">
      <Filter>inc</Filter>
    </ClInclude>
    <ClInclude Include="..\inc\ssltsapimpl.hpp">
      <Filter>inc</Filter>
    </ClInclude>
    <ClInclude Include="..\inc\tsap.hpp">
      <Filter>inc</Filter>
    </ClInclude>
    <ClInclude Include="..\inc\tsapimpl.hpp">
      <Filter>inc</Filter>
    </ClInclude>
    <ClInclude Include="..\inc\tsapimplfactory.hpp">
      <Filter>inc</Filter>
    </ClInclude>
    <ClInclude Include="..\inc\windows\windowsselectmask.hpp">
      <Filter>inc\windows</Filter>
    </ClInclude>
    <ClInclude Include="..\inc\windows\windowstsap.hpp">
      <Filter>inc\windows</Filter>
    </ClInclude>
    <ClInclude Include="..\inc\windows\windowstsapimpl.hpp">
      <Filter>inc\windows</Filter>
    </ClInclude>
    <ClInclude Include="..\inc\windows\windowstsapselectimpl.hpp">
      <Filter>inc\windows</Filter>
    </ClInclude>
    <ClInclude Include="..\inc\unix\moveupfds.hpp">
      <Filter>inc\unix</Filter>
    </ClInclude>
    <ClInclude Include="..\inc\unix\unixtsap.hpp">
      <Filter>inc\unix</Filter>
    </ClInclude>
  </ItemGroup>
  <ItemGroup>
    <ClCompile Include="..\rc\m4tsap.what.cpp">
      <Filter>rc</Filter>
    </ClCompile>
    <ClCompile Include="..\src\inet.cpp">
      <Filter>src</Filter>
    </ClCompile>
    <ClCompile Include="..\src\servertsap.cpp">
      <Filter>src</Filter>
    </ClCompile>
    <ClCompile Include="..\src\ssltsapimpl.cpp">
      <Filter>src</Filter>
    </ClCompile>
    <ClCompile Include="..\src\tsap.cpp">
      <Filter>src</Filter>
    </ClCompile>
    <ClCompile Include="..\src\tsapimpl.cpp">
      <Filter>src</Filter>
    </ClCompile>
    <ClCompile Include="..\src\tsapselect.cpp">
      <Filter>src</Filter>
    </ClCompile>
    <ClCompile Include="..\src\windows\windowsselectmask.cpp">
      <Filter>src\windows</Filter>
    </ClCompile>
    <ClCompile Include="..\src\windows\windowstsapimpl.cpp">
      <Filter>src\windows</Filter>
    </ClCompile>
    <ClCompile Include="..\src\windows\windowstsapselectimpl.cpp">
      <Filter>src\windows</Filter>
    </ClCompile>
    <ClCompile Include="..\src\unix\moveupfds.cpp">
      <Filter>src\unix</Filter>
    </ClCompile>
    <ClCompile Include="..\src\unix\unixselectmask.cpp">
      <Filter>src\unix</Filter>
    </ClCompile>
    <ClCompile Include="..\src\unix\unixtsapimpl.cpp">
      <Filter>src\unix</Filter>
    </ClCompile>
    <ClCompile Include="..\src\unix\unixtsapselectimpl.cpp">
      <Filter>src\unix</Filter>
    </ClCompile>
  </ItemGroup>
  <ItemGroup>
    <ResourceCompile Include="..\rc\m4tsap.rc">
      <Filter>rc</Filter>
    </ResourceCompile>
  </ItemGroup>
  <ItemGroup>
    <Library Include="..\..\m4ipcs\mak\win32\debug\m4ipcsdll.lib">
      <Filter>lib\win32_debug</Filter>
    </Library>
    <Library Include="..\..\m4ipcs\mak\win32\release\m4ipcsdll.lib">
      <Filter>lib\win32_release</Filter>
    </Library>
    <Library Include="..\..\m4ipcs\mak\win64\debug\m4ipcsdll.lib">
      <Filter>lib\win64_debug</Filter>
    </Library>
    <Library Include="..\..\m4ipcs\mak\win64\release\m4ipcsdll.lib">
      <Filter>lib\win64_release</Filter>
    </Library>
    <Library Include="..\..\public\openssl\mak\win32\debug\m4libeay32.lib">
      <Filter>lib\win32_debug</Filter>
    </Library>
    <Library Include="..\..\public\openssl\mak\win32\release\m4libeay32.lib">
      <Filter>lib\win32_release</Filter>
    </Library>
    <Library Include="..\..\public\openssl\mak\win64\debug\m4libeay32.lib">
      <Filter>lib\win64_debug</Filter>
    </Library>
    <Library Include="..\..\public\openssl\mak\win64\release\m4libeay32.lib">
      <Filter>lib\win64_release</Filter>
    </Library>
    <Library Include="..\..\m4log\mak\win32\debug\m4logdll.lib">
      <Filter>lib\win32_debug</Filter>
    </Library>
    <Library Include="..\..\m4log\mak\win32\release\m4logdll.lib">
      <Filter>lib\win32_release</Filter>
    </Library>
    <Library Include="..\..\m4log\mak\win64\debug\m4logdll.lib">
      <Filter>lib\win64_debug</Filter>
    </Library>
    <Library Include="..\..\m4log\mak\win64\release\m4logdll.lib">
      <Filter>lib\win64_release</Filter>
    </Library>
    <Library Include="..\..\public\openssl\mak\win32\debug\m4ssleay32.lib">
      <Filter>lib\win32_debug</Filter>
    </Library>
    <Library Include="..\..\public\openssl\mak\win32\release\m4ssleay32.lib">
      <Filter>lib\win32_release</Filter>
    </Library>
    <Library Include="..\..\public\openssl\mak\win64\debug\m4ssleay32.lib">
      <Filter>lib\win64_debug</Filter>
    </Library>
    <Library Include="..\..\public\openssl\mak\win64\release\m4ssleay32.lib">
      <Filter>lib\win64_release</Filter>
    </Library>
  </ItemGroup>
  <ItemGroup>
    <CustomBuild Include="m4tsap.prj">
      <Filter>mak</Filter>
    </CustomBuild>
  </ItemGroup>
  <ItemGroup>
    <None Include="m4tsap.touch">
      <Filter>mak</Filter>
    </None>
  </ItemGroup>
</Project>