<?xml version="1.0" encoding="utf-8"?>
<Project ToolsVersion="4.0" xmlns="http://schemas.microsoft.com/developer/msbuild/2003">
  <ItemGroup>
    <Filter Include="inc">
      <UniqueIdentifier>{306105b1-0374-4faa-9fe6-09c9fdedaa08}</UniqueIdentifier>
    </Filter>
    <Filter Include="src">
      <UniqueIdentifier>{6393957a-3600-45c9-b531-33515bb33df6}</UniqueIdentifier>
    </Filter>
    <Filter Include="rc">
      <UniqueIdentifier>{99d1651b-d338-42cf-a8b2-fb6f091a98d3}</UniqueIdentifier>
    </Filter>
    <Filter Include="mak">
      <UniqueIdentifier>{63a374e0-3029-405e-851d-9786992a6277}</UniqueIdentifier>
    </Filter>
    <Filter Include="lib">
      <UniqueIdentifier>{247975d9-c61f-4a2b-a6aa-cddadf995063}</UniqueIdentifier>
      <SourceControlFiles>False</SourceControlFiles>
    </Filter>
    <Filter Include="lib\win32_debug">
      <UniqueIdentifier>{63a14da5-a620-47f8-8bbe-13872cde1284}</UniqueIdentifier>
      <SourceControlFiles>False</SourceControlFiles>
    </Filter>
    <Filter Include="lib\win32_release">
      <UniqueIdentifier>{31490f86-88a1-4266-b7cf-a84114215614}</UniqueIdentifier>
      <SourceControlFiles>False</SourceControlFiles>
    </Filter>
    <Filter Include="lib\win64_debug">
      <UniqueIdentifier>{2be32314-c7fc-4dc6-a7d4-10337bd7b6fa}</UniqueIdentifier>
      <SourceControlFiles>False</SourceControlFiles>
    </Filter>
    <Filter Include="lib\win64_release">
      <UniqueIdentifier>{52b144c4-349b-4ff5-bf36-6673c1a5c574}</UniqueIdentifier>
      <SourceControlFiles>False</SourceControlFiles>
    </Filter>
  </ItemGroup>
  <ItemGroup>
    <ClInclude Include="..\inc\m4dmsxml_dll.hpp">
      <Filter>inc</Filter>
    </ClInclude>
    <ClInclude Include="..\inc\m4dmschannelhandler.hpp">
      <Filter>inc</Filter>
    </ClInclude>
    <ClInclude Include="..\inc\m4dmsm4objecttoxml.hpp">
      <Filter>inc</Filter>
    </ClInclude>
    <ClInclude Include="..\inc\m4dmssaxhandlers.hpp">
      <Filter>inc</Filter>
    </ClInclude>
    <ClInclude Include="..\inc\m4dmsxml.hpp">
      <Filter>inc</Filter>
    </ClInclude>
    <ClInclude Include="..\inc\m4dmsxmldefines.hpp">
      <Filter>inc</Filter>
    </ClInclude>
    <ClInclude Include="..\inc\m4dmsxmlerr.hpp">
      <Filter>inc</Filter>
    </ClInclude>
    <ClInclude Include="..\inc\m4dmsxmlexception.hpp">
      <Filter>inc</Filter>
    </ClInclude>
    <ClInclude Include="..\inc\m4dmsxmlm4omap.hpp">
      <Filter>inc</Filter>
    </ClInclude>
  </ItemGroup>
  <ItemGroup>
    <ClCompile Include="..\rc\m4dmsxml.what.cpp">
      <Filter>rc</Filter>
    </ClCompile>
    <ClCompile Include="..\src\m4dmschannelhandler.cpp">
      <Filter>src</Filter>
    </ClCompile>
    <ClCompile Include="..\src\m4dmsm4objecttoxml.cpp">
      <Filter>src</Filter>
    </ClCompile>
    <ClCompile Include="..\src\m4dmssaxhandlers.cpp">
      <Filter>src</Filter>
    </ClCompile>
    <ClCompile Include="..\src\m4dmsxml.cpp">
      <Filter>src</Filter>
    </ClCompile>
    <ClCompile Include="..\src\m4dmsxmlexception.cpp">
      <Filter>src</Filter>
    </ClCompile>
    <ClCompile Include="..\src\m4dmsxmlm4omap.cpp">
      <Filter>src</Filter>
    </ClCompile>
  </ItemGroup>
  <ItemGroup>
    <ResourceCompile Include="..\rc\m4dmsxml.rc">
      <Filter>rc</Filter>
    </ResourceCompile>
  </ItemGroup>
  <ItemGroup>
    <Library Include="..\..\m4date\mak\win32\debug\m4datedll.lib">
      <Filter>lib\win32_debug</Filter>
    </Library>
    <Library Include="..\..\m4date\mak\win32\release\m4datedll.lib">
      <Filter>lib\win32_release</Filter>
    </Library>
    <Library Include="..\..\m4date\mak\win64\debug\m4datedll.lib">
      <Filter>lib\win64_debug</Filter>
    </Library>
    <Library Include="..\..\m4date\mak\win64\release\m4datedll.lib">
      <Filter>lib\win64_release</Filter>
    </Library>
    <Library Include="..\..\m4dm\mak\win32\debug\m4dm.lib">
      <Filter>lib\win32_debug</Filter>
    </Library>
    <Library Include="..\..\m4dm\mak\win32\release\m4dm.lib">
      <Filter>lib\win32_release</Filter>
    </Library>
    <Library Include="..\..\m4dm\mak\win64\debug\m4dm.lib">
      <Filter>lib\win64_debug</Filter>
    </Library>
    <Library Include="..\..\m4dm\mak\win64\release\m4dm.lib">
      <Filter>lib\win64_release</Filter>
    </Library>
    <Library Include="..\..\m4filemanager\mak\win32\debug\m4filemanager.lib">
      <Filter>lib\win32_debug</Filter>
    </Library>
    <Library Include="..\..\m4filemanager\mak\win32\release\m4filemanager.lib">
      <Filter>lib\win32_release</Filter>
    </Library>
    <Library Include="..\..\m4filemanager\mak\win64\debug\m4filemanager.lib">
      <Filter>lib\win64_debug</Filter>
    </Library>
    <Library Include="..\..\m4filemanager\mak\win64\release\m4filemanager.lib">
      <Filter>lib\win64_release</Filter>
    </Library>
    <Library Include="..\..\m4log\mak\win32\debug\m4logdll.lib">
      <Filter>lib\win32_debug</Filter>
    </Library>
    <Library Include="..\..\m4log\mak\win32\release\m4logdll.lib">
      <Filter>lib\win32_release</Filter>
    </Library>
    <Library Include="..\..\m4log\mak\win64\debug\m4logdll.lib">
      <Filter>lib\win64_debug</Filter>
    </Library>
    <Library Include="..\..\m4log\mak\win64\release\m4logdll.lib">
      <Filter>lib\win64_release</Filter>
    </Library>
    <Library Include="..\..\m4mdrt\mak\win32\debug\m4mdrt.lib">
      <Filter>lib\win32_debug</Filter>
    </Library>
    <Library Include="..\..\m4mdrt\mak\win32\release\m4mdrt.lib">
      <Filter>lib\win32_release</Filter>
    </Library>
    <Library Include="..\..\m4mdrt\mak\win64\debug\m4mdrt.lib">
      <Filter>lib\win64_debug</Filter>
    </Library>
    <Library Include="..\..\m4mdrt\mak\win64\release\m4mdrt.lib">
      <Filter>lib\win64_release</Filter>
    </Library>
    <Library Include="..\..\m4objglb\mak\win32\debug\m4objglb.lib">
      <Filter>lib\win32_debug</Filter>
    </Library>
    <Library Include="..\..\m4objglb\mak\win32\release\m4objglb.lib">
      <Filter>lib\win32_release</Filter>
    </Library>
    <Library Include="..\..\m4objglb\mak\win64\debug\m4objglb.lib">
      <Filter>lib\win64_debug</Filter>
    </Library>
    <Library Include="..\..\m4objglb\mak\win64\release\m4objglb.lib">
      <Filter>lib\win64_release</Filter>
    </Library>
    <Library Include="..\..\m4objlog\mak\win32\debug\m4objlog.lib">
      <Filter>lib\win32_debug</Filter>
    </Library>
    <Library Include="..\..\m4objlog\mak\win32\release\m4objlog.lib">
      <Filter>lib\win32_release</Filter>
    </Library>
    <Library Include="..\..\m4objlog\mak\win64\debug\m4objlog.lib">
      <Filter>lib\win64_debug</Filter>
    </Library>
    <Library Include="..\..\m4objlog\mak\win64\release\m4objlog.lib">
      <Filter>lib\win64_release</Filter>
    </Library>
    <Library Include="..\..\m4objreg\mak\win32\debug\m4objreg.lib">
      <Filter>lib\win32_debug</Filter>
    </Library>
    <Library Include="..\..\m4objreg\mak\win32\release\m4objreg.lib">
      <Filter>lib\win32_release</Filter>
    </Library>
    <Library Include="..\..\m4objreg\mak\win64\debug\m4objreg.lib">
      <Filter>lib\win64_debug</Filter>
    </Library>
    <Library Include="..\..\m4objreg\mak\win64\release\m4objreg.lib">
      <Filter>lib\win64_release</Filter>
    </Library>
    <Library Include="..\..\m4sysall\mak\win32\debug\m4sysall.lib">
      <Filter>lib\win32_debug</Filter>
    </Library>
    <Library Include="..\..\m4sysall\mak\win32\release\m4sysall.lib">
      <Filter>lib\win32_release</Filter>
    </Library>
    <Library Include="..\..\m4sysall\mak\win64\debug\m4sysall.lib">
      <Filter>lib\win64_debug</Filter>
    </Library>
    <Library Include="..\..\m4sysall\mak\win64\release\m4sysall.lib">
      <Filter>lib\win64_release</Filter>
    </Library>
    <Library Include="..\..\m4unicode\mak\win32\debug\m4unicode.lib">
      <Filter>lib\win32_debug</Filter>
    </Library>
    <Library Include="..\..\m4unicode\mak\win32\release\m4unicode.lib">
      <Filter>lib\win32_release</Filter>
    </Library>
    <Library Include="..\..\m4unicode\mak\win64\debug\m4unicode.lib">
      <Filter>lib\win64_debug</Filter>
    </Library>
    <Library Include="..\..\m4unicode\mak\win64\release\m4unicode.lib">
      <Filter>lib\win64_release</Filter>
    </Library>
    <Library Include="..\..\m4variant\mak\win32\debug\m4variant.lib">
      <Filter>lib\win32_debug</Filter>
    </Library>
    <Library Include="..\..\m4variant\mak\win32\release\m4variant.lib">
      <Filter>lib\win32_release</Filter>
    </Library>
    <Library Include="..\..\m4variant\mak\win64\debug\m4variant.lib">
      <Filter>lib\win64_debug</Filter>
    </Library>
    <Library Include="..\..\m4variant\mak\win64\release\m4variant.lib">
      <Filter>lib\win64_release</Filter>
    </Library>
    <Library Include="..\..\public\xalan\mak\win32\debug\xalan-c.lib">
      <Filter>lib\win32_debug</Filter>
    </Library>
    <Library Include="..\..\public\xalan\mak\win32\release\xalan-c.lib">
      <Filter>lib\win32_release</Filter>
    </Library>
    <Library Include="..\..\public\xalan\mak\win64\debug\xalan-c.lib">
      <Filter>lib\win64_debug</Filter>
    </Library>
    <Library Include="..\..\public\xalan\mak\win64\release\xalan-c.lib">
      <Filter>lib\win64_release</Filter>
    </Library>
    <Library Include="..\..\public\xerces\mak\win32\debug\xerces-c.lib">
      <Filter>lib\win32_debug</Filter>
    </Library>
    <Library Include="..\..\public\xerces\mak\win32\release\xerces-c.lib">
      <Filter>lib\win32_release</Filter>
    </Library>
    <Library Include="..\..\public\xerces\mak\win64\debug\xerces-c.lib">
      <Filter>lib\win64_debug</Filter>
    </Library>
    <Library Include="..\..\public\xerces\mak\win64\release\xerces-c.lib">
      <Filter>lib\win64_release</Filter>
    </Library>
  </ItemGroup>
  <ItemGroup>
    <CustomBuild Include="m4dmsxml.prj">
      <Filter>mak</Filter>
    </CustomBuild>
  </ItemGroup>
  <ItemGroup>
    <None Include="m4dmsxml.touch">
      <Filter>mak</Filter>
    </None>
  </ItemGroup>
</Project>