<?xml version="1.0" encoding="utf-8"?>
<Project ToolsVersion="4.0" xmlns="http://schemas.microsoft.com/developer/msbuild/2003">
  <ItemGroup>
    <Filter Include="inc">
      <UniqueIdentifier>{306105b1-0374-4faa-9fe6-09c9fdedaa08}</UniqueIdentifier>
    </Filter>
    <Filter Include="src">
      <UniqueIdentifier>{6393957a-3600-45c9-b531-33515bb33df6}</UniqueIdentifier>
    </Filter>
    <Filter Include="rc">
      <UniqueIdentifier>{99d1651b-d338-42cf-a8b2-fb6f091a98d3}</UniqueIdentifier>
    </Filter>
    <Filter Include="mak">
      <UniqueIdentifier>{63a374e0-3029-405e-851d-9786992a6277}</UniqueIdentifier>
    </Filter>
    <Filter Include="lib">
      <UniqueIdentifier>{247975d9-c61f-4a2b-a6aa-cddadf995063}</UniqueIdentifier>
      <SourceControlFiles>False</SourceControlFiles>
    </Filter>
    <Filter Include="lib\win32_debug">
      <UniqueIdentifier>{63a14da5-a620-47f8-8bbe-13872cde1284}</UniqueIdentifier>
      <SourceControlFiles>False</SourceControlFiles>
    </Filter>
    <Filter Include="lib\win32_release">
      <UniqueIdentifier>{31490f86-88a1-4266-b7cf-a84114215614}</UniqueIdentifier>
      <SourceControlFiles>False</SourceControlFiles>
    </Filter>
    <Filter Include="lib\win64_debug">
      <UniqueIdentifier>{2be32314-c7fc-4dc6-a7d4-10337bd7b6fa}</UniqueIdentifier>
      <SourceControlFiles>False</SourceControlFiles>
    </Filter>
    <Filter Include="lib\win64_release">
      <UniqueIdentifier>{52b144c4-349b-4ff5-bf36-6673c1a5c574}</UniqueIdentifier>
      <SourceControlFiles>False</SourceControlFiles>
    </Filter>
  </ItemGroup>
  <ItemGroup>
    <ClInclude Include="..\inc\m4dm_dll.hpp">
      <Filter>inc</Filter>
    </ClInclude>
    <ClInclude Include="..\inc\acc_dir.hpp">
      <Filter>inc</Filter>
    </ClInclude>
    <ClInclude Include="..\inc\acc_prop.hpp">
      <Filter>inc</Filter>
    </ClInclude>
    <ClInclude Include="..\inc\access.hpp">
      <Filter>inc</Filter>
    </ClInclude>
    <ClInclude Include="..\inc\accesspr.hpp">
      <Filter>inc</Filter>
    </ClInclude>
    <ClInclude Include="..\inc\accevents.hpp">
      <Filter>inc</Filter>
    </ClInclude>
    <ClInclude Include="..\inc\acno_dir.hpp">
      <Filter>inc</Filter>
    </ClInclude>
    <ClInclude Include="..\inc\anoddir.hpp">
      <Filter>inc</Filter>
    </ClInclude>
    <ClInclude Include="..\inc\arecset.hpp">
      <Filter>inc</Filter>
    </ClInclude>
    <ClInclude Include="..\inc\aregister.hpp">
      <Filter>inc</Filter>
    </ClInclude>
    <ClInclude Include="..\inc\aregwrite.hpp">
      <Filter>inc</Filter>
    </ClInclude>
    <ClInclude Include="..\inc\autoload.hpp">
      <Filter>inc</Filter>
    </ClInclude>
    <ClInclude Include="..\inc\blockref.hpp">
      <Filter>inc</Filter>
    </ClInclude>
    <ClInclude Include="..\inc\bnihil.hpp">
      <Filter>inc</Filter>
    </ClInclude>
    <ClInclude Include="..\inc\bookmark.hpp">
      <Filter>inc</Filter>
    </ClInclude>
    <ClInclude Include="..\inc\ch_block.hpp">
      <Filter>inc</Filter>
    </ClInclude>
    <ClInclude Include="..\inc\ch_nod_s.hpp">
      <Filter>inc</Filter>
    </ClInclude>
    <ClInclude Include="..\inc\ch_process.hpp">
      <Filter>inc</Filter>
    </ClInclude>
    <ClInclude Include="..\inc\ch_route.hpp">
      <Filter>inc</Filter>
    </ClInclude>
    <ClInclude Include="..\inc\chan_dir.hpp">
      <Filter>inc</Filter>
    </ClInclude>
    <ClInclude Include="..\inc\chan_knl.hpp">
      <Filter>inc</Filter>
    </ClInclude>
    <ClInclude Include="..\inc\chandata_ser.hpp">
      <Filter>inc</Filter>
    </ClInclude>
    <ClInclude Include="..\inc\chandef.hpp">
      <Filter>inc</Filter>
    </ClInclude>
    <ClInclude Include="..\inc\changelistener.hpp">
      <Filter>inc</Filter>
    </ClInclude>
    <ClInclude Include="..\inc\channel.hpp">
      <Filter>inc</Filter>
    </ClInclude>
    <ClInclude Include="..\inc\channelprocess.hpp">
      <Filter>inc</Filter>
    </ClInclude>
    <ClInclude Include="..\inc\chanprop.hpp">
      <Filter>inc</Filter>
    </ClInclude>
    <ClInclude Include="..\inc\checkmem.hpp">
      <Filter>inc</Filter>
    </ClInclude>
    <ClInclude Include="..\inc\childnod.hpp">
      <Filter>inc</Filter>
    </ClInclude>
    <ClInclude Include="..\inc\clargume.hpp">
      <Filter>inc</Filter>
    </ClInclude>
    <ClInclude Include="..\inc\clbsearch.hpp">
      <Filter>inc</Filter>
    </ClInclude>
    <ClInclude Include="..\inc\clcodejit.hpp">
      <Filter>inc</Filter>
    </ClInclude>
    <ClInclude Include="..\inc\cldbgutil.hpp">
      <Filter>inc</Filter>
    </ClInclude>
    <ClInclude Include="..\inc\cldmcontext.hpp">
      <Filter>inc</Filter>
    </ClInclude>
    <ClInclude Include="..\inc\clfilemap.hpp">
      <Filter>inc</Filter>
    </ClInclude>
    <ClInclude Include="..\inc\clfufast.hpp">
      <Filter>inc</Filter>
    </ClInclude>
    <ClInclude Include="..\inc\clfuvar.hpp">
      <Filter>inc</Filter>
    </ClInclude>
    <ClInclude Include="..\inc\clrgstrs.h">
      <Filter>inc</Filter>
    </ClInclude>
    <ClInclude Include="..\inc\cltotacum.hpp">
      <Filter>inc</Filter>
    </ClInclude>
    <ClInclude Include="..\inc\colitdef2.hpp">
      <Filter>inc</Filter>
    </ClInclude>
    <ClInclude Include="..\inc\colitemdefit.hpp">
      <Filter>inc</Filter>
    </ClInclude>
    <ClInclude Include="..\inc\colprop.hpp">
      <Filter>inc</Filter>
    </ClInclude>
    <ClInclude Include="..\inc\compss_vector.hpp">
      <Filter>inc</Filter>
    </ClInclude>
    <ClInclude Include="..\inc\compssit_vector.hpp">
      <Filter>inc</Filter>
    </ClInclude>
    <ClInclude Include="..\inc\compst_common.hpp">
      <Filter>inc</Filter>
    </ClInclude>
    <ClInclude Include="..\inc\compst_fac.hpp">
      <Filter>inc</Filter>
    </ClInclude>
    <ClInclude Include="..\inc\compst_map.hpp">
      <Filter>inc</Filter>
    </ClInclude>
    <ClInclude Include="..\inc\compstit_common.hpp">
      <Filter>inc</Filter>
    </ClInclude>
    <ClInclude Include="..\inc\compstit_map.hpp">
      <Filter>inc</Filter>
    </ClInclude>
    <ClInclude Include="..\inc\computil.hpp">
      <Filter>inc</Filter>
    </ClInclude>
    <ClInclude Include="..\inc\conitinf.hpp">
      <Filter>inc</Filter>
    </ClInclude>
    <ClInclude Include="..\inc\cp_exe.hpp">
      <Filter>inc</Filter>
    </ClInclude>
    <ClInclude Include="..\inc\cp_find.hpp">
      <Filter>inc</Filter>
    </ClInclude>
    <ClInclude Include="..\inc\cstracesize.hpp">
      <Filter>inc</Filter>
    </ClInclude>
    <ClInclude Include="..\inc\curopennotify.hpp">
      <Filter>inc</Filter>
    </ClInclude>
    <ClInclude Include="..\inc\datacache.hpp">
      <Filter>inc</Filter>
    </ClInclude>
    <ClInclude Include="..\inc\dm.hpp">
      <Filter>inc</Filter>
    </ClInclude>
    <ClInclude Include="..\inc\dm_def.hpp">
      <Filter>inc</Filter>
    </ClInclude>
    <ClInclude Include="..\inc\dm_types.hpp">
      <Filter>inc</Filter>
    </ClInclude>
    <ClInclude Include="..\inc\dmres.hpp">
      <Filter>inc</Filter>
    </ClInclude>
    <ClInclude Include="..\inc\dmtypes.hpp">
      <Filter>inc</Filter>
    </ClInclude>
    <ClInclude Include="..\inc\dsitem.hpp">
      <Filter>inc</Filter>
    </ClInclude>
    <ClInclude Include="..\inc\dsres.hpp">
      <Filter>inc</Filter>
    </ClInclude>
    <ClInclude Include="..\inc\dstypes.hpp">
      <Filter>inc</Filter>
    </ClInclude>
    <ClInclude Include="..\inc\dump_vst.hpp">
      <Filter>inc</Filter>
    </ClInclude>
    <ClInclude Include="..\inc\emd.hpp">
      <Filter>inc</Filter>
    </ClInclude>
    <ClInclude Include="..\inc\filter_i.hpp">
      <Filter>inc</Filter>
    </ClInclude>
    <ClInclude Include="..\inc\gds.hpp">
      <Filter>inc</Filter>
    </ClInclude>
    <ClInclude Include="..\inc\gm_intrf.hpp">
      <Filter>inc</Filter>
    </ClInclude>
    <ClInclude Include="..\inc\groupinfo.hpp">
      <Filter>inc</Filter>
    </ClInclude>
    <ClInclude Include="..\inc\handles.hpp">
      <Filter>inc</Filter>
    </ClInclude>
    <ClInclude Include="..\inc\index.hpp">
      <Filter>inc</Filter>
    </ClInclude>
    <ClInclude Include="..\inc\instmap.hpp">
      <Filter>inc</Filter>
    </ClInclude>
    <ClInclude Include="..\inc\item.hpp">
      <Filter>inc</Filter>
    </ClInclude>
    <ClInclude Include="..\inc\item_prx.hpp">
      <Filter>inc</Filter>
    </ClInclude>
    <ClInclude Include="..\inc\itemconn.hpp">
      <Filter>inc</Filter>
    </ClInclude>
    <ClInclude Include="..\inc\itemdef.hpp">
      <Filter>inc</Filter>
    </ClInclude>
    <ClInclude Include="..\inc\itemdfit.hpp">
      <Filter>inc</Filter>
    </ClInclude>
    <ClInclude Include="..\inc\itemhash.hpp">
      <Filter>inc</Filter>
    </ClInclude>
    <ClInclude Include="..\inc\iteminfo.hpp">
      <Filter>inc</Filter>
    </ClInclude>
    <ClInclude Include="..\inc\itempx_c.hpp">
      <Filter>inc</Filter>
    </ClInclude>
    <ClInclude Include="..\inc\itemsimp.hpp">
      <Filter>inc</Filter>
    </ClInclude>
    <ClInclude Include="..\inc\lanecon.hpp">
      <Filter>inc</Filter>
    </ClInclude>
    <ClInclude Include="..\inc\laneinfo.hpp">
      <Filter>inc</Filter>
    </ClInclude>
    <ClInclude Include="..\inc\laneman.hpp">
      <Filter>inc</Filter>
    </ClInclude>
    <ClInclude Include="..\inc\level2.hpp">
      <Filter>inc</Filter>
    </ClInclude>
    <ClInclude Include="..\inc\level2relation.hpp">
      <Filter>inc</Filter>
    </ClInclude>
    <ClInclude Include="..\inc\m4dmcommon.hpp">
      <Filter>inc</Filter>
    </ClInclude>
    <ClInclude Include="..\inc\m4jmanager.hpp">
      <Filter>inc</Filter>
    </ClInclude>
    <ClInclude Include="..\inc\mchtoemd.hpp">
      <Filter>inc</Filter>
    </ClInclude>
    <ClInclude Include="..\inc\mcrowner.hpp">
      <Filter>inc</Filter>
    </ClInclude>
    <ClInclude Include="..\inc\meminfo.hpp">
      <Filter>inc</Filter>
    </ClInclude>
    <ClInclude Include="..\inc\memman.hpp">
      <Filter>inc</Filter>
    </ClInclude>
    <ClInclude Include="..\inc\mmarray.hpp">
      <Filter>inc</Filter>
    </ClInclude>
    <ClInclude Include="..\inc\mmindex.hpp">
      <Filter>inc</Filter>
    </ClInclude>
    <ClInclude Include="..\inc\mmmap.hpp">
      <Filter>inc</Filter>
    </ClInclude>
    <ClInclude Include="..\inc\nod_data.hpp">
      <Filter>inc</Filter>
    </ClInclude>
    <ClInclude Include="..\inc\node.hpp">
      <Filter>inc</Filter>
    </ClInclude>
    <ClInclude Include="..\inc\node_knl.hpp">
      <Filter>inc</Filter>
    </ClInclude>
    <ClInclude Include="..\inc\node_x.hpp">
      <Filter>inc</Filter>
    </ClInclude>
    <ClInclude Include="..\inc\nodedef.hpp">
      <Filter>inc</Filter>
    </ClInclude>
    <ClInclude Include="..\inc\nodprop.hpp">
      <Filter>inc</Filter>
    </ClInclude>
    <ClInclude Include="..\inc\not_cdat.hpp">
      <Filter>inc</Filter>
    </ClInclude>
    <ClInclude Include="..\inc\not_cli.hpp">
      <Filter>inc</Filter>
    </ClInclude>
    <ClInclude Include="..\inc\notifier.hpp">
      <Filter>inc</Filter>
    </ClInclude>
    <ClInclude Include="..\inc\objdatacacheimpl.hpp">
      <Filter>inc</Filter>
    </ClInclude>
    <ClInclude Include="..\inc\objdatacacheinterface.hpp">
      <Filter>inc</Filter>
    </ClInclude>
    <ClInclude Include="..\inc\objdatacachemanager.hpp">
      <Filter>inc</Filter>
    </ClInclude>
    <ClInclude Include="..\inc\operation.hpp">
      <Filter>inc</Filter>
    </ClInclude>
    <ClInclude Include="..\inc\pl_data.hpp">
      <Filter>inc</Filter>
    </ClInclude>
    <ClInclude Include="..\inc\prnewrecid.hpp">
      <Filter>inc</Filter>
    </ClInclude>
    <ClInclude Include="..\inc\property.h">
      <Filter>inc</Filter>
    </ClInclude>
    <ClInclude Include="..\inc\prsetrecins.hpp">
      <Filter>inc</Filter>
    </ClInclude>
    <ClInclude Include="..\inc\prxyfact.hpp">
      <Filter>inc</Filter>
    </ClInclude>
    <ClInclude Include="..\inc\px_block.hpp">
      <Filter>inc</Filter>
    </ClInclude>
    <ClInclude Include="..\inc\pxbsize.hpp">
      <Filter>inc</Filter>
    </ClInclude>
    <ClInclude Include="..\inc\rblck_it.hpp">
      <Filter>inc</Filter>
    </ClInclude>
    <ClInclude Include="..\inc\rec_tran.hpp">
      <Filter>inc</Filter>
    </ClInclude>
    <ClInclude Include="..\inc\recorset.hpp">
      <Filter>inc</Filter>
    </ClInclude>
    <ClInclude Include="..\inc\reg_filt.hpp">
      <Filter>inc</Filter>
    </ClInclude>
    <ClInclude Include="..\inc\reg_load.hpp">
      <Filter>inc</Filter>
    </ClInclude>
    <ClInclude Include="..\inc\reg_plf.hpp">
      <Filter>inc</Filter>
    </ClInclude>
    <ClInclude Include="..\inc\regi_smp.hpp">
      <Filter>inc</Filter>
    </ClInclude>
    <ClInclude Include="..\inc\register.hpp">
      <Filter>inc</Filter>
    </ClInclude>
    <ClInclude Include="..\inc\regpipe.hpp">
      <Filter>inc</Filter>
    </ClInclude>
    <ClInclude Include="..\inc\regtot.hpp">
      <Filter>inc</Filter>
    </ClInclude>
    <ClInclude Include="..\inc\replaceliterals.hpp">
      <Filter>inc</Filter>
    </ClInclude>
    <ClInclude Include="..\inc\reusing.hpp">
      <Filter>inc</Filter>
    </ClInclude>
    <ClInclude Include="..\inc\ritbwalk.hpp">
      <Filter>inc</Filter>
    </ClInclude>
    <ClInclude Include="..\inc\rm.hpp">
      <Filter>inc</Filter>
    </ClInclude>
    <ClInclude Include="..\inc\rthierdes.hpp">
      <Filter>inc</Filter>
    </ClInclude>
    <ClInclude Include="..\inc\serializedchanneldata.hpp">
      <Filter>inc</Filter>
    </ClInclude>
    <ClInclude Include="..\inc\slices_fixed.hpp">
      <Filter>inc</Filter>
    </ClInclude>
    <ClInclude Include="..\inc\slices_variable.hpp">
      <Filter>inc</Filter>
    </ClInclude>
    <ClInclude Include="..\inc\smarthan.hpp">
      <Filter>inc</Filter>
    </ClInclude>
    <ClInclude Include="..\inc\smartp.hpp">
      <Filter>inc</Filter>
    </ClInclude>
    <ClInclude Include="..\inc\sttchn.hpp">
      <Filter>inc</Filter>
    </ClInclude>
    <ClInclude Include="..\inc\sttcommon.hpp">
      <Filter>inc</Filter>
    </ClInclude>
    <ClInclude Include="..\inc\sttlib.hpp">
      <Filter>inc</Filter>
    </ClInclude>
    <ClInclude Include="..\inc\sttstate.hpp">
      <Filter>inc</Filter>
    </ClInclude>
    <ClInclude Include="..\inc\sttwrap.hpp">
      <Filter>inc</Filter>
    </ClInclude>
    <ClInclude Include="..\inc\totalize.hpp">
      <Filter>inc</Filter>
    </ClInclude>
    <ClInclude Include="..\inc\usernotifier.hpp">
      <Filter>inc</Filter>
    </ClInclude>
    <ClInclude Include="..\inc\usractaudit.hpp">
      <Filter>inc</Filter>
    </ClInclude>
    <ClInclude Include="..\inc\v_contxt.hpp">
      <Filter>inc</Filter>
    </ClInclude>
    <ClInclude Include="..\inc\val.hpp">
      <Filter>inc</Filter>
    </ClInclude>
    <ClInclude Include="..\inc\val_ge.hpp">
      <Filter>inc</Filter>
    </ClInclude>
    <ClInclude Include="..\inc\val_read.hpp">
      <Filter>inc</Filter>
    </ClInclude>
    <ClInclude Include="..\inc\val_write.hpp">
      <Filter>inc</Filter>
    </ClInclude>
    <ClInclude Include="..\inc\valh_rs.hpp">
      <Filter>inc</Filter>
    </ClInclude>
    <ClInclude Include="..\inc\valh_rws.hpp">
      <Filter>inc</Filter>
    </ClInclude>
    <ClInclude Include="..\inc\vdelta.hpp">
      <Filter>inc</Filter>
    </ClInclude>
    <ClInclude Include="..\inc\virt_val.hpp">
      <Filter>inc</Filter>
    </ClInclude>
    <ClInclude Include="..\inc\vrb.hpp">
      <Filter>inc</Filter>
    </ClInclude>
    <ClInclude Include="..\inc\wproxy.hpp">
      <Filter>inc</Filter>
    </ClInclude>
    <ClInclude Include="..\inc\rowsquota.hpp">
      <Filter>inc</Filter>
    </ClInclude>
  </ItemGroup>
  <ItemGroup>
    <ClCompile Include="..\rc\m4dm.what.cpp">
      <Filter>rc</Filter>
    </ClCompile>
    <ClCompile Include="..\src\acc_dir.cpp">
      <Filter>src</Filter>
    </ClCompile>
    <ClCompile Include="..\src\access.cpp">
      <Filter>src</Filter>
    </ClCompile>
    <ClCompile Include="..\src\acno_dir.cpp">
      <Filter>src</Filter>
    </ClCompile>
    <ClCompile Include="..\src\arecset.cpp">
      <Filter>src</Filter>
    </ClCompile>
    <ClCompile Include="..\src\aregister.cpp">
      <Filter>src</Filter>
    </ClCompile>
    <ClCompile Include="..\src\aregwrite.cpp">
      <Filter>src</Filter>
    </ClCompile>
    <ClCompile Include="..\src\blockref.cpp">
      <Filter>src</Filter>
    </ClCompile>
    <ClCompile Include="..\src\bnihil.cpp">
      <Filter>src</Filter>
    </ClCompile>
    <ClCompile Include="..\src\bookmark.cpp">
      <Filter>src</Filter>
    </ClCompile>
    <ClCompile Include="..\src\ch_blck2.cpp">
      <Filter>src</Filter>
    </ClCompile>
    <ClCompile Include="..\src\ch_block.cpp">
      <Filter>src</Filter>
    </ClCompile>
    <ClCompile Include="..\src\ch_nod_s.cpp">
      <Filter>src</Filter>
    </ClCompile>
    <ClCompile Include="..\src\ch_process.cpp">
      <Filter>src</Filter>
    </ClCompile>
    <ClCompile Include="..\src\ch_route.cpp">
      <Filter>src</Filter>
    </ClCompile>
    <ClCompile Include="..\src\chan_dir.cpp">
      <Filter>src</Filter>
    </ClCompile>
    <ClCompile Include="..\src\chan_knl.cpp">
      <Filter>src</Filter>
    </ClCompile>
    <ClCompile Include="..\src\chandata_ser.cpp">
      <Filter>src</Filter>
    </ClCompile>
    <ClCompile Include="..\src\chandef.cpp">
      <Filter>src</Filter>
    </ClCompile>
    <ClCompile Include="..\src\changelistener.cpp">
      <Filter>src</Filter>
    </ClCompile>
    <ClCompile Include="..\src\channel.cpp">
      <Filter>src</Filter>
    </ClCompile>
    <ClCompile Include="..\src\channel_ser.cpp">
      <Filter>src</Filter>
    </ClCompile>
    <ClCompile Include="..\src\channelprocess.cpp">
      <Filter>src</Filter>
    </ClCompile>
    <ClCompile Include="..\src\chanprop.cpp">
      <Filter>src</Filter>
    </ClCompile>
    <ClCompile Include="..\src\checkmem.cpp">
      <Filter>src</Filter>
    </ClCompile>
    <ClCompile Include="..\src\clargume.cpp">
      <Filter>src</Filter>
    </ClCompile>
    <ClCompile Include="..\src\clbsearch.cpp">
      <Filter>src</Filter>
    </ClCompile>
    <ClCompile Include="..\src\clcodejit.cpp">
      <Filter>src</Filter>
    </ClCompile>
    <ClCompile Include="..\src\cldbgutil.cpp">
      <Filter>src</Filter>
    </ClCompile>
    <ClCompile Include="..\src\clfilemap.cpp">
      <Filter>src</Filter>
    </ClCompile>
    <ClCompile Include="..\src\clfufast.cpp">
      <Filter>src</Filter>
    </ClCompile>
    <ClCompile Include="..\src\clfuvar.cpp">
      <Filter>src</Filter>
    </ClCompile>
    <ClCompile Include="..\src\clrgstrs.cpp">
      <Filter>src</Filter>
    </ClCompile>
    <ClCompile Include="..\src\cltotacum.cpp">
      <Filter>src</Filter>
    </ClCompile>
    <ClCompile Include="..\src\colitdef2.cpp">
      <Filter>src</Filter>
    </ClCompile>
    <ClCompile Include="..\src\colitemdefit.cpp">
      <Filter>src</Filter>
    </ClCompile>
    <ClCompile Include="..\src\colprop.cpp">
      <Filter>src</Filter>
    </ClCompile>
    <ClCompile Include="..\src\compss_vector.cpp">
      <Filter>src</Filter>
    </ClCompile>
    <ClCompile Include="..\src\compssit_vector.cpp">
      <Filter>src</Filter>
    </ClCompile>
    <ClCompile Include="..\src\compst_common.cpp">
      <Filter>src</Filter>
    </ClCompile>
    <ClCompile Include="..\src\compst_fac.cpp">
      <Filter>src</Filter>
    </ClCompile>
    <ClCompile Include="..\src\compst_map.cpp">
      <Filter>src</Filter>
    </ClCompile>
    <ClCompile Include="..\src\compstit_common.cpp">
      <Filter>src</Filter>
    </ClCompile>
    <ClCompile Include="..\src\compstit_map.cpp">
      <Filter>src</Filter>
    </ClCompile>
    <ClCompile Include="..\src\computil.cpp">
      <Filter>src</Filter>
    </ClCompile>
    <ClCompile Include="..\src\conitinf.cpp">
      <Filter>src</Filter>
    </ClCompile>
    <ClCompile Include="..\src\cp_exe.cpp">
      <Filter>src</Filter>
    </ClCompile>
    <ClCompile Include="..\src\cp_find.cpp">
      <Filter>src</Filter>
    </ClCompile>
    <ClCompile Include="..\src\cstracesize.cpp">
      <Filter>src</Filter>
    </ClCompile>
    <ClCompile Include="..\src\curopennotify.cpp">
      <Filter>src</Filter>
    </ClCompile>
    <ClCompile Include="..\src\datacache.cpp">
      <Filter>src</Filter>
    </ClCompile>
    <ClCompile Include="..\src\dm.cpp">
      <Filter>src</Filter>
    </ClCompile>
    <ClCompile Include="..\src\dmsort.cpp">
      <Filter>src</Filter>
    </ClCompile>
    <ClCompile Include="..\src\dsitem.cpp">
      <Filter>src</Filter>
    </ClCompile>
    <ClCompile Include="..\src\dump_vst.cpp">
      <Filter>src</Filter>
    </ClCompile>
    <ClCompile Include="..\src\emd.cpp">
      <Filter>src</Filter>
    </ClCompile>
    <ClCompile Include="..\src\filter_i.cpp">
      <Filter>src</Filter>
    </ClCompile>
    <ClCompile Include="..\src\gds.cpp">
      <Filter>src</Filter>
    </ClCompile>
    <ClCompile Include="..\src\gm_intrf.cpp">
      <Filter>src</Filter>
    </ClCompile>
    <ClCompile Include="..\src\groupinfo.cpp">
      <Filter>src</Filter>
    </ClCompile>
    <ClCompile Include="..\src\handles.cpp">
      <Filter>src</Filter>
    </ClCompile>
    <ClCompile Include="..\src\index.cpp">
      <Filter>src</Filter>
    </ClCompile>
    <ClCompile Include="..\src\instmap.cpp">
      <Filter>src</Filter>
    </ClCompile>
    <ClCompile Include="..\src\item.cpp">
      <Filter>src</Filter>
    </ClCompile>
    <ClCompile Include="..\src\item_prx.cpp">
      <Filter>src</Filter>
    </ClCompile>
    <ClCompile Include="..\src\itemconn.cpp">
      <Filter>src</Filter>
    </ClCompile>
    <ClCompile Include="..\src\itemdef.cpp">
      <Filter>src</Filter>
    </ClCompile>
    <ClCompile Include="..\src\itemdfit.cpp">
      <Filter>src</Filter>
    </ClCompile>
    <ClCompile Include="..\src\itemhash.cpp">
      <Filter>src</Filter>
    </ClCompile>
    <ClCompile Include="..\src\iteminfo.cpp">
      <Filter>src</Filter>
    </ClCompile>
    <ClCompile Include="..\src\itempx_c.cpp">
      <Filter>src</Filter>
    </ClCompile>
    <ClCompile Include="..\src\itemsimp.cpp">
      <Filter>src</Filter>
    </ClCompile>
    <ClCompile Include="..\src\itnd_prx.cpp">
      <Filter>src</Filter>
    </ClCompile>
    <ClCompile Include="..\src\lanecon.cpp">
      <Filter>src</Filter>
    </ClCompile>
    <ClCompile Include="..\src\laneinfo.cpp">
      <Filter>src</Filter>
    </ClCompile>
    <ClCompile Include="..\src\laneman.cpp">
      <Filter>src</Filter>
    </ClCompile>
    <ClCompile Include="..\src\level2.cpp">
      <Filter>src</Filter>
    </ClCompile>
    <ClCompile Include="..\src\level2relation.cpp">
      <Filter>src</Filter>
    </ClCompile>
    <ClCompile Include="..\src\m4dmcommon.cpp">
      <Filter>src</Filter>
    </ClCompile>
    <ClCompile Include="..\src\m4jmanager.cpp">
      <Filter>src</Filter>
    </ClCompile>
    <ClCompile Include="..\src\mchtoemd.cpp">
      <Filter>src</Filter>
    </ClCompile>
    <ClCompile Include="..\src\mcrowner.cpp">
      <Filter>src</Filter>
    </ClCompile>
    <ClCompile Include="..\src\meminfo.cpp">
      <Filter>src</Filter>
    </ClCompile>
    <ClCompile Include="..\src\memman.cpp">
      <Filter>src</Filter>
    </ClCompile>
    <ClCompile Include="..\src\mmarray.cpp">
      <Filter>src</Filter>
    </ClCompile>
    <ClCompile Include="..\src\mmindex.cpp">
      <Filter>src</Filter>
    </ClCompile>
    <ClCompile Include="..\src\nod_data.cpp">
      <Filter>src</Filter>
    </ClCompile>
    <ClCompile Include="..\src\node.cpp">
      <Filter>src</Filter>
    </ClCompile>
    <ClCompile Include="..\src\node_knl.cpp">
      <Filter>src</Filter>
    </ClCompile>
    <ClCompile Include="..\src\node_ser.cpp">
      <Filter>src</Filter>
    </ClCompile>
    <ClCompile Include="..\src\nodedef.cpp">
      <Filter>src</Filter>
    </ClCompile>
    <ClCompile Include="..\src\not_cdat.cpp">
      <Filter>src</Filter>
    </ClCompile>
    <ClCompile Include="..\src\not_cli.cpp">
      <Filter>src</Filter>
    </ClCompile>
    <ClCompile Include="..\src\notifier.cpp">
      <Filter>src</Filter>
    </ClCompile>
    <ClCompile Include="..\src\objdatacacheimpl.cpp">
      <Filter>src</Filter>
    </ClCompile>
    <ClCompile Include="..\src\objdatacacheinterface.cpp">
      <Filter>src</Filter>
    </ClCompile>
    <ClCompile Include="..\src\objdatacachemanager.cpp">
      <Filter>src</Filter>
    </ClCompile>
    <ClCompile Include="..\src\operation.cpp">
      <Filter>src</Filter>
    </ClCompile>
    <ClCompile Include="..\src\pl_data.cpp">
      <Filter>src</Filter>
    </ClCompile>
    <ClCompile Include="..\src\prnewrecid.cpp">
      <Filter>src</Filter>
    </ClCompile>
    <ClCompile Include="..\src\property.cpp">
      <Filter>src</Filter>
    </ClCompile>
    <ClCompile Include="..\src\prsetrecins.cpp">
      <Filter>src</Filter>
    </ClCompile>
    <ClCompile Include="..\src\prxyfact.cpp">
      <Filter>src</Filter>
    </ClCompile>
    <ClCompile Include="..\src\px_blck2.cpp">
      <Filter>src</Filter>
    </ClCompile>
    <ClCompile Include="..\src\px_block.cpp">
      <Filter>src</Filter>
    </ClCompile>
    <ClCompile Include="..\src\px_block_ser.cpp">
      <Filter>src</Filter>
    </ClCompile>
    <ClCompile Include="..\src\rblck_it.cpp">
      <Filter>src</Filter>
    </ClCompile>
    <ClCompile Include="..\src\rec_tran.cpp">
      <Filter>src</Filter>
    </ClCompile>
    <ClCompile Include="..\src\recorset.cpp">
      <Filter>src</Filter>
    </ClCompile>
    <ClCompile Include="..\src\reg_filt.cpp">
      <Filter>src</Filter>
    </ClCompile>
    <ClCompile Include="..\src\reg_load.cpp">
      <Filter>src</Filter>
    </ClCompile>
    <ClCompile Include="..\src\reg_plf.cpp">
      <Filter>src</Filter>
    </ClCompile>
    <ClCompile Include="..\src\regi_smp.cpp">
      <Filter>src</Filter>
    </ClCompile>
    <ClCompile Include="..\src\register.cpp">
      <Filter>src</Filter>
    </ClCompile>
    <ClCompile Include="..\src\regpipe.cpp">
      <Filter>src</Filter>
    </ClCompile>
    <ClCompile Include="..\src\regtot.cpp">
      <Filter>src</Filter>
    </ClCompile>
    <ClCompile Include="..\src\replaceliterals.cpp">
      <Filter>src</Filter>
    </ClCompile>
    <ClCompile Include="..\src\reusing.cpp">
      <Filter>src</Filter>
    </ClCompile>
    <ClCompile Include="..\src\ritbwalk.cpp">
      <Filter>src</Filter>
    </ClCompile>
    <ClCompile Include="..\src\rm.cpp">
      <Filter>src</Filter>
    </ClCompile>
    <ClCompile Include="..\src\rsfollow.cpp">
      <Filter>src</Filter>
    </ClCompile>
    <ClCompile Include="..\src\rthierdes.cpp">
      <Filter>src</Filter>
    </ClCompile>
    <ClCompile Include="..\src\serializedchanneldata.cpp">
      <Filter>src</Filter>
    </ClCompile>
    <ClCompile Include="..\src\slices_fixed.cpp">
      <Filter>src</Filter>
    </ClCompile>
    <ClCompile Include="..\src\slices_variable.cpp">
      <Filter>src</Filter>
    </ClCompile>
    <ClCompile Include="..\src\smarthan.cpp">
      <Filter>src</Filter>
    </ClCompile>
    <ClCompile Include="..\src\sttchn.cpp">
      <Filter>src</Filter>
    </ClCompile>
    <ClCompile Include="..\src\sttlib.cpp">
      <Filter>src</Filter>
    </ClCompile>
    <ClCompile Include="..\src\sttstate.cpp">
      <Filter>src</Filter>
    </ClCompile>
    <ClCompile Include="..\src\sttwrap.cpp">
      <Filter>src</Filter>
    </ClCompile>
    <ClCompile Include="..\src\totalize.cpp">
      <Filter>src</Filter>
    </ClCompile>
    <ClCompile Include="..\src\usractaudit.cpp">
      <Filter>src</Filter>
    </ClCompile>
    <ClCompile Include="..\src\v_contxt.cpp">
      <Filter>src</Filter>
    </ClCompile>
    <ClCompile Include="..\src\val.cpp">
      <Filter>src</Filter>
    </ClCompile>
    <ClCompile Include="..\src\val_ge.cpp">
      <Filter>src</Filter>
    </ClCompile>
    <ClCompile Include="..\src\val_read.cpp">
      <Filter>src</Filter>
    </ClCompile>
    <ClCompile Include="..\src\val_write.cpp">
      <Filter>src</Filter>
    </ClCompile>
    <ClCompile Include="..\src\valh_rs.cpp">
      <Filter>src</Filter>
    </ClCompile>
    <ClCompile Include="..\src\valh_rws.cpp">
      <Filter>src</Filter>
    </ClCompile>
    <ClCompile Include="..\src\vdelta.cpp">
      <Filter>src</Filter>
    </ClCompile>
    <ClCompile Include="..\src\virt_val.cpp">
      <Filter>src</Filter>
    </ClCompile>
    <ClCompile Include="..\src\vrb.cpp">
      <Filter>src</Filter>
    </ClCompile>
    <ClCompile Include="..\src\rowsquota.cpp">
      <Filter>src</Filter>
    </ClCompile>
  </ItemGroup>
  <ItemGroup>
    <ResourceCompile Include="..\rc\m4dm.rc">
      <Filter>rc</Filter>
    </ResourceCompile>
  </ItemGroup>
  <ItemGroup>
    <Library Include="..\..\m4cache\mak\win32\debug\m4cachedll.lib">
      <Filter>lib\win32_debug</Filter>
    </Library>
    <Library Include="..\..\m4cache\mak\win32\release\m4cachedll.lib">
      <Filter>lib\win32_release</Filter>
    </Library>
    <Library Include="..\..\m4cache\mak\win64\debug\m4cachedll.lib">
      <Filter>lib\win64_debug</Filter>
    </Library>
    <Library Include="..\..\m4cache\mak\win64\release\m4cachedll.lib">
      <Filter>lib\win64_release</Filter>
    </Library>
    <Library Include="..\..\m4compress\mak\win32\debug\m4compressdll.lib">
      <Filter>lib\win32_debug</Filter>
    </Library>
    <Library Include="..\..\m4compress\mak\win32\release\m4compressdll.lib">
      <Filter>lib\win32_release</Filter>
    </Library>
    <Library Include="..\..\m4compress\mak\win64\debug\m4compressdll.lib">
      <Filter>lib\win64_debug</Filter>
    </Library>
    <Library Include="..\..\m4compress\mak\win64\release\m4compressdll.lib">
      <Filter>lib\win64_release</Filter>
    </Library>
    <Library Include="..\..\m4cryptc\mak\win32\debug\m4cryptclib.lib">
      <Filter>lib\win32_debug</Filter>
    </Library>
    <Library Include="..\..\m4cryptc\mak\win32\release\m4cryptclib.lib">
      <Filter>lib\win32_release</Filter>
    </Library>
    <Library Include="..\..\m4cryptc\mak\win64\debug\m4cryptclib.lib">
      <Filter>lib\win64_debug</Filter>
    </Library>
    <Library Include="..\..\m4cryptc\mak\win64\release\m4cryptclib.lib">
      <Filter>lib\win64_release</Filter>
    </Library>
    <Library Include="..\..\m4date\mak\win32\debug\m4datedll.lib">
      <Filter>lib\win32_debug</Filter>
    </Library>
    <Library Include="..\..\m4date\mak\win32\release\m4datedll.lib">
      <Filter>lib\win32_release</Filter>
    </Library>
    <Library Include="..\..\m4date\mak\win64\debug\m4datedll.lib">
      <Filter>lib\win64_debug</Filter>
    </Library>
    <Library Include="..\..\m4date\mak\win64\release\m4datedll.lib">
      <Filter>lib\win64_release</Filter>
    </Library>
    <Library Include="..\..\m4filemanager\mak\win32\debug\m4filemanager.lib">
      <Filter>lib\win32_debug</Filter>
    </Library>
    <Library Include="..\..\m4filemanager\mak\win32\release\m4filemanager.lib">
      <Filter>lib\win32_release</Filter>
    </Library>
    <Library Include="..\..\m4filemanager\mak\win64\debug\m4filemanager.lib">
      <Filter>lib\win64_debug</Filter>
    </Library>
    <Library Include="..\..\m4filemanager\mak\win64\release\m4filemanager.lib">
      <Filter>lib\win64_release</Filter>
    </Library>
    <Library Include="..\..\m4ipcs\mak\win32\debug\m4ipcsdll.lib">
      <Filter>lib\win32_debug</Filter>
    </Library>
    <Library Include="..\..\m4ipcs\mak\win32\release\m4ipcsdll.lib">
      <Filter>lib\win32_release</Filter>
    </Library>
    <Library Include="..\..\m4ipcs\mak\win64\debug\m4ipcsdll.lib">
      <Filter>lib\win64_debug</Filter>
    </Library>
    <Library Include="..\..\m4ipcs\mak\win64\release\m4ipcsdll.lib">
      <Filter>lib\win64_release</Filter>
    </Library>
    <Library Include="..\..\m4java\mak\win32\debug\m4java.lib">
      <Filter>lib\win32_debug</Filter>
    </Library>
    <Library Include="..\..\m4java\mak\win32\release\m4java.lib">
      <Filter>lib\win32_release</Filter>
    </Library>
    <Library Include="..\..\m4java\mak\win64\debug\m4java.lib">
      <Filter>lib\win64_debug</Filter>
    </Library>
    <Library Include="..\..\m4java\mak\win64\release\m4java.lib">
      <Filter>lib\win64_release</Filter>
    </Library>
    <Library Include="..\..\m4log\mak\win32\debug\m4logdll.lib">
      <Filter>lib\win32_debug</Filter>
    </Library>
    <Library Include="..\..\m4log\mak\win32\release\m4logdll.lib">
      <Filter>lib\win32_release</Filter>
    </Library>
    <Library Include="..\..\m4log\mak\win64\debug\m4logdll.lib">
      <Filter>lib\win64_debug</Filter>
    </Library>
    <Library Include="..\..\m4log\mak\win64\release\m4logdll.lib">
      <Filter>lib\win64_release</Filter>
    </Library>
    <Library Include="..\..\m4logsys\mak\win32\debug\m4logsys.lib">
      <Filter>lib\win32_debug</Filter>
    </Library>
    <Library Include="..\..\m4logsys\mak\win32\release\m4logsys.lib">
      <Filter>lib\win32_release</Filter>
    </Library>
    <Library Include="..\..\m4logsys\mak\win64\debug\m4logsys.lib">
      <Filter>lib\win64_debug</Filter>
    </Library>
    <Library Include="..\..\m4logsys\mak\win64\release\m4logsys.lib">
      <Filter>lib\win64_release</Filter>
    </Library>
    <Library Include="..\..\m4mdrt\mak\win32\debug\m4mdrt.lib">
      <Filter>lib\win32_debug</Filter>
    </Library>
    <Library Include="..\..\m4mdrt\mak\win32\release\m4mdrt.lib">
      <Filter>lib\win32_release</Filter>
    </Library>
    <Library Include="..\..\m4mdrt\mak\win64\debug\m4mdrt.lib">
      <Filter>lib\win64_debug</Filter>
    </Library>
    <Library Include="..\..\m4mdrt\mak\win64\release\m4mdrt.lib">
      <Filter>lib\win64_release</Filter>
    </Library>
    <Library Include="..\..\m4objglb\mak\win32\debug\m4objglb.lib">
      <Filter>lib\win32_debug</Filter>
    </Library>
    <Library Include="..\..\m4objglb\mak\win32\release\m4objglb.lib">
      <Filter>lib\win32_release</Filter>
    </Library>
    <Library Include="..\..\m4objglb\mak\win64\debug\m4objglb.lib">
      <Filter>lib\win64_debug</Filter>
    </Library>
    <Library Include="..\..\m4objglb\mak\win64\release\m4objglb.lib">
      <Filter>lib\win64_release</Filter>
    </Library>
    <Library Include="..\..\m4objlog\mak\win32\debug\m4objlog.lib">
      <Filter>lib\win32_debug</Filter>
    </Library>
    <Library Include="..\..\m4objlog\mak\win32\release\m4objlog.lib">
      <Filter>lib\win32_release</Filter>
    </Library>
    <Library Include="..\..\m4objlog\mak\win64\debug\m4objlog.lib">
      <Filter>lib\win64_debug</Filter>
    </Library>
    <Library Include="..\..\m4objlog\mak\win64\release\m4objlog.lib">
      <Filter>lib\win64_release</Filter>
    </Library>
    <Library Include="..\..\m4objreg\mak\win32\debug\m4objreg.lib">
      <Filter>lib\win32_debug</Filter>
    </Library>
    <Library Include="..\..\m4objreg\mak\win32\release\m4objreg.lib">
      <Filter>lib\win32_release</Filter>
    </Library>
    <Library Include="..\..\m4objreg\mak\win64\debug\m4objreg.lib">
      <Filter>lib\win64_debug</Filter>
    </Library>
    <Library Include="..\..\m4objreg\mak\win64\release\m4objreg.lib">
      <Filter>lib\win64_release</Filter>
    </Library>
    <Library Include="..\..\m4pdus\mak\win32\debug\m4pdusdll.lib">
      <Filter>lib\win32_debug</Filter>
    </Library>
    <Library Include="..\..\m4pdus\mak\win32\release\m4pdusdll.lib">
      <Filter>lib\win32_release</Filter>
    </Library>
    <Library Include="..\..\m4pdus\mak\win64\debug\m4pdusdll.lib">
      <Filter>lib\win64_debug</Filter>
    </Library>
    <Library Include="..\..\m4pdus\mak\win64\release\m4pdusdll.lib">
      <Filter>lib\win64_release</Filter>
    </Library>
    <Library Include="..\..\m4serial\mak\win32\debug\m4serial.lib">
      <Filter>lib\win32_debug</Filter>
    </Library>
    <Library Include="..\..\m4serial\mak\win32\release\m4serial.lib">
      <Filter>lib\win32_release</Filter>
    </Library>
    <Library Include="..\..\m4serial\mak\win64\debug\m4serial.lib">
      <Filter>lib\win64_debug</Filter>
    </Library>
    <Library Include="..\..\m4serial\mak\win64\release\m4serial.lib">
      <Filter>lib\win64_release</Filter>
    </Library>
    <Library Include="..\..\m4serverbase\mak\win32\debug\m4serverbasedll.lib">
      <Filter>lib\win32_debug</Filter>
    </Library>
    <Library Include="..\..\m4serverbase\mak\win32\release\m4serverbasedll.lib">
      <Filter>lib\win32_release</Filter>
    </Library>
    <Library Include="..\..\m4serverbase\mak\win64\debug\m4serverbasedll.lib">
      <Filter>lib\win64_debug</Filter>
    </Library>
    <Library Include="..\..\m4serverbase\mak\win64\release\m4serverbasedll.lib">
      <Filter>lib\win64_release</Filter>
    </Library>
    <Library Include="..\..\m4sysall\mak\win32\debug\m4sysall.lib">
      <Filter>lib\win32_debug</Filter>
    </Library>
    <Library Include="..\..\m4sysall\mak\win32\release\m4sysall.lib">
      <Filter>lib\win32_release</Filter>
    </Library>
    <Library Include="..\..\m4sysall\mak\win64\debug\m4sysall.lib">
      <Filter>lib\win64_debug</Filter>
    </Library>
    <Library Include="..\..\m4sysall\mak\win64\release\m4sysall.lib">
      <Filter>lib\win64_release</Filter>
    </Library>
    <Library Include="..\..\m4unicode\mak\win32\debug\m4unicode.lib">
      <Filter>lib\win32_debug</Filter>
    </Library>
    <Library Include="..\..\m4unicode\mak\win32\release\m4unicode.lib">
      <Filter>lib\win32_release</Filter>
    </Library>
    <Library Include="..\..\m4unicode\mak\win64\debug\m4unicode.lib">
      <Filter>lib\win64_debug</Filter>
    </Library>
    <Library Include="..\..\m4unicode\mak\win64\release\m4unicode.lib">
      <Filter>lib\win64_release</Filter>
    </Library>
    <Library Include="..\..\m4variant\mak\win32\debug\m4variant.lib">
      <Filter>lib\win32_debug</Filter>
    </Library>
    <Library Include="..\..\m4variant\mak\win32\release\m4variant.lib">
      <Filter>lib\win32_release</Filter>
    </Library>
    <Library Include="..\..\m4variant\mak\win64\debug\m4variant.lib">
      <Filter>lib\win64_debug</Filter>
    </Library>
    <Library Include="..\..\m4variant\mak\win64\release\m4variant.lib">
      <Filter>lib\win64_release</Filter>
    </Library>
    <Library Include="..\..\m4cryptc\mak\win32\debug\m4cryptclib.lib" />
  </ItemGroup>
  <ItemGroup>
    <CustomBuild Include="m4dm.prj">
      <Filter>mak</Filter>
    </CustomBuild>
  </ItemGroup>
  <ItemGroup>
    <None Include="m4dm.touch">
      <Filter>mak</Filter>
    </None>
    <None Include="..\inc\anoddir.inl">
      <Filter>inc</Filter>
    </None>
    <None Include="..\inc\childnod.inl">
      <Filter>inc</Filter>
    </None>
    <None Include="..\inc\emd.inl">
      <Filter>inc</Filter>
    </None>
    <None Include="..\inc\m4dm_dll.hpp.bak">
      <Filter>inc</Filter>
    </None>
    <None Include="..\inc\mmmap.inl">
      <Filter>inc</Filter>
    </None>
    <None Include="..\inc\rm.inl">
      <Filter>inc</Filter>
    </None>
    <None Include="..\inc\sttlib.inl">
      <Filter>inc</Filter>
    </None>
    <None Include="..\inc\sttstate.inl">
      <Filter>inc</Filter>
    </None>
    <None Include="..\inc\val_ge.inl">
      <Filter>inc</Filter>
    </None>
    <None Include="..\inc\vdelta.inl">
      <Filter>inc</Filter>
    </None>
    <None Include="..\inc\vrb.inl">
      <Filter>inc</Filter>
    </None>
  </ItemGroup>
</Project>