<?xml version="1.0" encoding="utf-8"?>
<Project ToolsVersion="4.0" xmlns="http://schemas.microsoft.com/developer/msbuild/2003">
  <ItemGroup>
    <Filter Include="inc">
      <UniqueIdentifier>{306105b1-0374-4faa-9fe6-09c9fdedaa08}</UniqueIdentifier>
    </Filter>
    <Filter Include="src">
      <UniqueIdentifier>{6393957a-3600-45c9-b531-33515bb33df6}</UniqueIdentifier>
    </Filter>
    <Filter Include="rc">
      <UniqueIdentifier>{99d1651b-d338-42cf-a8b2-fb6f091a98d3}</UniqueIdentifier>
    </Filter>
    <Filter Include="mak">
      <UniqueIdentifier>{63a374e0-3029-405e-851d-9786992a6277}</UniqueIdentifier>
    </Filter>
    <Filter Include="lib">
      <UniqueIdentifier>{247975d9-c61f-4a2b-a6aa-cddadf995063}</UniqueIdentifier>
      <SourceControlFiles>False</SourceControlFiles>
    </Filter>
    <Filter Include="lib\win32_debug">
      <UniqueIdentifier>{63a14da5-a620-47f8-8bbe-13872cde1284}</UniqueIdentifier>
      <SourceControlFiles>False</SourceControlFiles>
    </Filter>
    <Filter Include="lib\win32_release">
      <UniqueIdentifier>{31490f86-88a1-4266-b7cf-a84114215614}</UniqueIdentifier>
      <SourceControlFiles>False</SourceControlFiles>
    </Filter>
    <Filter Include="lib\win64_debug">
      <UniqueIdentifier>{2be32314-c7fc-4dc6-a7d4-10337bd7b6fa}</UniqueIdentifier>
      <SourceControlFiles>False</SourceControlFiles>
    </Filter>
    <Filter Include="lib\win64_release">
      <UniqueIdentifier>{52b144c4-349b-4ff5-bf36-6673c1a5c574}</UniqueIdentifier>
      <SourceControlFiles>False</SourceControlFiles>
    </Filter>
    <Filter Include="inc\unix">
      <UniqueIdentifier>{d6cd35e0-6b67-400d-afb9-8b4a1e1fe596}</UniqueIdentifier>
    </Filter>
    <Filter Include="src\unix">
      <UniqueIdentifier>{8bb6d2b1-fc42-44fa-b1af-417a1c4ee698}</UniqueIdentifier>
    </Filter>
  </ItemGroup>
  <ItemGroup>
    <ClCompile Include="..\rc\m4obl.what.cpp">
      <Filter>rc</Filter>
    </ClCompile>
    <ClCompile Include="..\src\analizad.cpp">
      <Filter>src</Filter>
    </ClCompile>
    <ClCompile Include="..\src\arraprop.cpp">
      <Filter>src</Filter>
    </ClCompile>
    <ClCompile Include="..\src\arraymat.cpp">
      <Filter>src</Filter>
    </ClCompile>
    <ClCompile Include="..\src\arrayobj.cpp">
      <Filter>src</Filter>
    </ClCompile>
    <ClCompile Include="..\src\arrhand.cpp">
      <Filter>src</Filter>
    </ClCompile>
    <ClCompile Include="..\src\bloques.cpp">
      <Filter>src</Filter>
    </ClCompile>
    <ClCompile Include="..\src\busque.cpp">
      <Filter>src</Filter>
    </ClCompile>
    <ClCompile Include="..\src\lobj.cpp">
      <Filter>src</Filter>
    </ClCompile>
    <ClCompile Include="..\src\m4cppobl.cpp">
      <Filter>src</Filter>
    </ClCompile>
    <ClCompile Include="..\src\m4lgobj.cpp">
      <Filter>src</Filter>
    </ClCompile>
    <ClCompile Include="..\src\m4string.cpp">
      <Filter>src</Filter>
    </ClCompile>
    <ClCompile Include="..\src\match.cpp">
      <Filter>src</Filter>
    </ClCompile>
    <ClCompile Include="..\src\oblutil.cpp">
      <Filter>src</Filter>
    </ClCompile>
    <ClCompile Include="..\src\propied.cpp">
      <Filter>src</Filter>
    </ClCompile>
    <ClCompile Include="..\src\resource.cpp">
      <Filter>src</Filter>
    </ClCompile>
    <ClCompile Include="..\src\unix\hstring.cpp">
      <Filter>src\unix</Filter>
    </ClCompile>
    <ClCompile Include="..\src\unix\m4uxwin.cpp">
      <Filter>src\unix</Filter>
    </ClCompile>
  </ItemGroup>
  <ItemGroup>
    <ResourceCompile Include="..\rc\m4obl.rc">
      <Filter>rc</Filter>
    </ResourceCompile>
  </ItemGroup>
  <ItemGroup>
    <Library Include="..\..\m4date\mak\win32\debug\m4datedll.lib">
      <Filter>lib\win32_debug</Filter>
    </Library>
    <Library Include="..\..\m4date\mak\win32\release\m4datedll.lib">
      <Filter>lib\win32_release</Filter>
    </Library>
    <Library Include="..\..\m4date\mak\win64\debug\m4datedll.lib">
      <Filter>lib\win64_debug</Filter>
    </Library>
    <Library Include="..\..\m4date\mak\win64\release\m4datedll.lib">
      <Filter>lib\win64_release</Filter>
    </Library>
  </ItemGroup>
  <ItemGroup>
    <CustomBuild Include="m4obl.prj">
      <Filter>mak</Filter>
    </CustomBuild>
  </ItemGroup>
  <ItemGroup>
    <None Include="m4obl.touch">
      <Filter>mak</Filter>
    </None>
  </ItemGroup>
  <ItemGroup>
    <ClInclude Include="..\inc\analizad.hpp">
      <Filter>inc</Filter>
    </ClInclude>
    <ClInclude Include="..\inc\arraprop.hpp">
      <Filter>inc</Filter>
    </ClInclude>
    <ClInclude Include="..\inc\arraymat.hpp">
      <Filter>inc</Filter>
    </ClInclude>
    <ClInclude Include="..\inc\arrayobj.hpp">
      <Filter>inc</Filter>
    </ClInclude>
    <ClInclude Include="..\inc\arrhand.hpp">
      <Filter>inc</Filter>
    </ClInclude>
    <ClInclude Include="..\inc\busque.hpp">
      <Filter>inc</Filter>
    </ClInclude>
    <ClInclude Include="..\inc\cabecera.h">
      <Filter>inc</Filter>
    </ClInclude>
    <ClInclude Include="..\inc\def_bloq.hpp">
      <Filter>inc</Filter>
    </ClInclude>
    <ClInclude Include="..\inc\lobj.hpp">
      <Filter>inc</Filter>
    </ClInclude>
    <ClInclude Include="..\inc\m4cppobl.hpp">
      <Filter>inc</Filter>
    </ClInclude>
    <ClInclude Include="..\inc\m4lgobj.hpp">
      <Filter>inc</Filter>
    </ClInclude>
    <ClInclude Include="..\inc\m4obl_dll.hpp">
      <Filter>inc</Filter>
    </ClInclude>
    <ClInclude Include="..\inc\m4stringobl.hpp">
      <Filter>inc</Filter>
    </ClInclude>
    <ClInclude Include="..\inc\m4strobl.hpp">
      <Filter>inc</Filter>
    </ClInclude>
    <ClInclude Include="..\inc\m4winobl.hpp">
      <Filter>inc</Filter>
    </ClInclude>
    <ClInclude Include="..\inc\match.hpp">
      <Filter>inc</Filter>
    </ClInclude>
    <ClInclude Include="..\inc\oblutil.hpp">
      <Filter>inc</Filter>
    </ClInclude>
    <ClInclude Include="..\inc\propied.hpp">
      <Filter>inc</Filter>
    </ClInclude>
    <ClInclude Include="..\inc\resource.h">
      <Filter>inc</Filter>
    </ClInclude>
    <ClInclude Include="..\inc\unix\hstring.h">
      <Filter>inc\unix</Filter>
    </ClInclude>
    <ClInclude Include="..\inc\unix\m4uxstrobl.hpp">
      <Filter>inc\unix</Filter>
    </ClInclude>
    <ClInclude Include="..\inc\unix\m4uxwinobl.hpp">
      <Filter>inc\unix</Filter>
    </ClInclude>
  </ItemGroup>
</Project>