<?xml version="1.0" encoding="utf-8"?>
<Project ToolsVersion="4.0" xmlns="http://schemas.microsoft.com/developer/msbuild/2003">
  <ItemGroup>
    <Filter Include="inc">
      <UniqueIdentifier>{306105b1-0374-4faa-9fe6-09c9fdedaa08}</UniqueIdentifier>
    </Filter>
    <Filter Include="src">
      <UniqueIdentifier>{6393957a-3600-45c9-b531-33515bb33df6}</UniqueIdentifier>
    </Filter>
    <Filter Include="rc">
      <UniqueIdentifier>{99d1651b-d338-42cf-a8b2-fb6f091a98d3}</UniqueIdentifier>
    </Filter>
    <Filter Include="mak">
      <UniqueIdentifier>{63a374e0-3029-405e-851d-9786992a6277}</UniqueIdentifier>
    </Filter>
    <Filter Include="lib">
      <UniqueIdentifier>{247975d9-c61f-4a2b-a6aa-cddadf995063}</UniqueIdentifier>
      <SourceControlFiles>False</SourceControlFiles>
    </Filter>
    <Filter Include="lib\win32_debug">
      <UniqueIdentifier>{63a14da5-a620-47f8-8bbe-13872cde1284}</UniqueIdentifier>
      <SourceControlFiles>False</SourceControlFiles>
    </Filter>
    <Filter Include="lib\win32_release">
      <UniqueIdentifier>{31490f86-88a1-4266-b7cf-a84114215614}</UniqueIdentifier>
      <SourceControlFiles>False</SourceControlFiles>
    </Filter>
    <Filter Include="lib\win64_debug">
      <UniqueIdentifier>{2be32314-c7fc-4dc6-a7d4-10337bd7b6fa}</UniqueIdentifier>
      <SourceControlFiles>False</SourceControlFiles>
    </Filter>
    <Filter Include="lib\win64_release">
      <UniqueIdentifier>{52b144c4-349b-4ff5-bf36-6673c1a5c574}</UniqueIdentifier>
      <SourceControlFiles>False</SourceControlFiles>
    </Filter>
    <Filter Include="par">
      <UniqueIdentifier>{1ea96635-b4d1-4125-aa62-4edc842cfc27}</UniqueIdentifier>
    </Filter>
  </ItemGroup>
  <ItemGroup>
    <ClCompile Include="..\rc\m4dispatcher.what.cpp">
      <Filter>rc</Filter>
    </ClCompile>
    <ClCompile Include="..\src\adminactions.cpp">
      <Filter>src</Filter>
    </ClCompile>
    <ClCompile Include="..\src\adminagent.cpp">
      <Filter>src</Filter>
    </ClCompile>
    <ClCompile Include="..\src\appctlnodeinfo.cpp">
      <Filter>src</Filter>
    </ClCompile>
    <ClCompile Include="..\src\clientagent.cpp">
      <Filter>src</Filter>
    </ClCompile>
    <ClCompile Include="..\src\cltimer.cpp">
      <Filter>src</Filter>
    </ClCompile>
    <ClCompile Include="..\src\commadapter.cpp">
      <Filter>src</Filter>
    </ClCompile>
    <ClCompile Include="..\src\dspactions.cpp">
      <Filter>src</Filter>
    </ClCompile>
    <ClCompile Include="..\src\dspagent.cpp">
      <Filter>src</Filter>
    </ClCompile>
    <ClCompile Include="..\src\dspappctlreq.cpp">
      <Filter>src</Filter>
    </ClCompile>
    <ClCompile Include="..\src\dspclientreqpdu.cpp">
      <Filter>src</Filter>
    </ClCompile>
    <ClCompile Include="..\src\dspinvoker.cpp">
      <Filter>src</Filter>
    </ClCompile>
    <ClCompile Include="..\src\dspreq.cpp">
      <Filter>src</Filter>
    </ClCompile>
    <ClCompile Include="..\src\dspreqcontainer.cpp">
      <Filter>src</Filter>
    </ClCompile>
    <ClCompile Include="..\src\dspservice.cpp">
      <Filter>src</Filter>
    </ClCompile>
    <ClCompile Include="..\src\dspxmlreq.cpp">
      <Filter>src</Filter>
    </ClCompile>
    <ClCompile Include="..\src\executiveagent.cpp">
      <Filter>src</Filter>
    </ClCompile>
    <ClCompile Include="..\src\m4dispatchermain.cpp">
      <Filter>src</Filter>
    </ClCompile>
    <ClCompile Include="..\src\m4dspapi4snmp.cpp">
      <Filter>src</Filter>
    </ClCompile>
    <ClCompile Include="..\src\m4xmlstreamgen.cpp">
      <Filter>src</Filter>
    </ClCompile>
    <ClCompile Include="..\src\serveragent.cpp">
      <Filter>src</Filter>
    </ClCompile>
    <ClCompile Include="..\src\sitenodeinfo.cpp">
      <Filter>src</Filter>
    </ClCompile>
    <ClCompile Include="..\src\sitenodemonitor.cpp">
      <Filter>src</Filter>
    </ClCompile>
  </ItemGroup>
  <ItemGroup>
    <ResourceCompile Include="..\rc\m4dispatcher.rc">
      <Filter>rc</Filter>
    </ResourceCompile>
  </ItemGroup>
  <ItemGroup>
    <Library Include="..\..\m4appclient\mak\win32\debug\m4appclientdll.lib">
      <Filter>lib\win32_debug</Filter>
    </Library>
    <Library Include="..\..\m4appclient\mak\win32\release\m4appclientdll.lib">
      <Filter>lib\win32_release</Filter>
    </Library>
    <Library Include="..\..\m4appclient\mak\win64\debug\m4appclientdll.lib">
      <Filter>lib\win64_debug</Filter>
    </Library>
    <Library Include="..\..\m4appclient\mak\win64\release\m4appclientdll.lib">
      <Filter>lib\win64_release</Filter>
    </Library>
    <Library Include="..\..\m4communication\mak\win32\debug\m4communication.lib">
      <Filter>lib\win32_debug</Filter>
    </Library>
    <Library Include="..\..\m4communication\mak\win32\release\m4communication.lib">
      <Filter>lib\win32_release</Filter>
    </Library>
    <Library Include="..\..\m4communication\mak\win64\debug\m4communication.lib">
      <Filter>lib\win64_debug</Filter>
    </Library>
    <Library Include="..\..\m4communication\mak\win64\release\m4communication.lib">
      <Filter>lib\win64_release</Filter>
    </Library>
    <Library Include="..\..\m4cryptc\mak\win32\debug\m4cryptclib.lib">
      <Filter>lib\win32_debug</Filter>
    </Library>
    <Library Include="..\..\m4cryptc\mak\win32\release\m4cryptclib.lib">
      <Filter>lib\win32_release</Filter>
    </Library>
    <Library Include="..\..\m4cryptc\mak\win64\debug\m4cryptclib.lib">
      <Filter>lib\win64_debug</Filter>
    </Library>
    <Library Include="..\..\m4cryptc\mak\win64\release\m4cryptclib.lib">
      <Filter>lib\win64_release</Filter>
    </Library>
    <Library Include="..\..\m4date\mak\win32\debug\m4datedll.lib">
      <Filter>lib\win32_debug</Filter>
    </Library>
    <Library Include="..\..\m4date\mak\win32\release\m4datedll.lib">
      <Filter>lib\win32_release</Filter>
    </Library>
    <Library Include="..\..\m4date\mak\win64\debug\m4datedll.lib">
      <Filter>lib\win64_debug</Filter>
    </Library>
    <Library Include="..\..\m4date\mak\win64\release\m4datedll.lib">
      <Filter>lib\win64_release</Filter>
    </Library>
    <Library Include="..\..\m4idgenerator\mak\win32\debug\m4idgeneratordll.lib">
      <Filter>lib\win32_debug</Filter>
    </Library>
    <Library Include="..\..\m4idgenerator\mak\win32\release\m4idgeneratordll.lib">
      <Filter>lib\win32_release</Filter>
    </Library>
    <Library Include="..\..\m4idgenerator\mak\win64\debug\m4idgeneratordll.lib">
      <Filter>lib\win64_debug</Filter>
    </Library>
    <Library Include="..\..\m4idgenerator\mak\win64\release\m4idgeneratordll.lib">
      <Filter>lib\win64_release</Filter>
    </Library>
    <Library Include="..\..\m4ipcs\mak\win32\debug\m4ipcsdll.lib">
      <Filter>lib\win32_debug</Filter>
    </Library>
    <Library Include="..\..\m4ipcs\mak\win32\release\m4ipcsdll.lib">
      <Filter>lib\win32_release</Filter>
    </Library>
    <Library Include="..\..\m4ipcs\mak\win64\debug\m4ipcsdll.lib">
      <Filter>lib\win64_debug</Filter>
    </Library>
    <Library Include="..\..\m4ipcs\mak\win64\release\m4ipcsdll.lib">
      <Filter>lib\win64_release</Filter>
    </Library>
    <Library Include="..\..\m4log\mak\win32\debug\m4logdll.lib">
      <Filter>lib\win32_debug</Filter>
    </Library>
    <Library Include="..\..\m4log\mak\win32\release\m4logdll.lib">
      <Filter>lib\win32_release</Filter>
    </Library>
    <Library Include="..\..\m4log\mak\win64\debug\m4logdll.lib">
      <Filter>lib\win64_debug</Filter>
    </Library>
    <Library Include="..\..\m4log\mak\win64\release\m4logdll.lib">
      <Filter>lib\win64_release</Filter>
    </Library>
    <Library Include="..\..\m4memdbg\mak\win32\debug\m4memdbg.lib">
      <Filter>lib\win32_debug</Filter>
    </Library>
    <Library Include="..\..\m4memdbg\mak\win32\release\m4memdbg.lib">
      <Filter>lib\win32_release</Filter>
    </Library>
    <Library Include="..\..\m4memdbg\mak\win64\debug\m4memdbg.lib">
      <Filter>lib\win64_debug</Filter>
    </Library>
    <Library Include="..\..\m4memdbg\mak\win64\release\m4memdbg.lib">
      <Filter>lib\win64_release</Filter>
    </Library>
    <Library Include="..\..\m4objlog\mak\win32\debug\m4objlog.lib">
      <Filter>lib\win32_debug</Filter>
    </Library>
    <Library Include="..\..\m4objlog\mak\win32\release\m4objlog.lib">
      <Filter>lib\win32_release</Filter>
    </Library>
    <Library Include="..\..\m4objlog\mak\win64\debug\m4objlog.lib">
      <Filter>lib\win64_debug</Filter>
    </Library>
    <Library Include="..\..\m4objlog\mak\win64\release\m4objlog.lib">
      <Filter>lib\win64_release</Filter>
    </Library>
    <Library Include="..\..\m4pdus\mak\win32\debug\m4pdusdll.lib">
      <Filter>lib\win32_debug</Filter>
    </Library>
    <Library Include="..\..\m4pdus\mak\win32\release\m4pdusdll.lib">
      <Filter>lib\win32_release</Filter>
    </Library>
    <Library Include="..\..\m4pdus\mak\win64\debug\m4pdusdll.lib">
      <Filter>lib\win64_debug</Filter>
    </Library>
    <Library Include="..\..\m4pdus\mak\win64\release\m4pdusdll.lib">
      <Filter>lib\win64_release</Filter>
    </Library>
    <Library Include="..\..\m4serverbase\mak\win32\debug\m4serverbasedll.lib">
      <Filter>lib\win32_debug</Filter>
    </Library>
    <Library Include="..\..\m4serverbase\mak\win32\release\m4serverbasedll.lib">
      <Filter>lib\win32_release</Filter>
    </Library>
    <Library Include="..\..\m4serverbase\mak\win64\debug\m4serverbasedll.lib">
      <Filter>lib\win64_debug</Filter>
    </Library>
    <Library Include="..\..\m4serverbase\mak\win64\release\m4serverbasedll.lib">
      <Filter>lib\win64_release</Filter>
    </Library>
    <Library Include="..\..\m4snmpadmin\mak\win32\debug\m4snmpadmin.lib">
      <Filter>lib\win32_debug</Filter>
    </Library>
    <Library Include="..\..\m4snmpadmin\mak\win32\release\m4snmpadmin.lib">
      <Filter>lib\win32_release</Filter>
    </Library>
    <Library Include="..\..\m4snmpadmin\mak\win64\debug\m4snmpadmin.lib">
      <Filter>lib\win64_debug</Filter>
    </Library>
    <Library Include="..\..\m4snmpadmin\mak\win64\release\m4snmpadmin.lib">
      <Filter>lib\win64_release</Filter>
    </Library>
    <Library Include="..\..\m4unicode\mak\win32\debug\m4unicode.lib">
      <Filter>lib\win32_debug</Filter>
    </Library>
    <Library Include="..\..\m4unicode\mak\win32\release\m4unicode.lib">
      <Filter>lib\win32_release</Filter>
    </Library>
    <Library Include="..\..\m4unicode\mak\win64\debug\m4unicode.lib">
      <Filter>lib\win64_debug</Filter>
    </Library>
    <Library Include="..\..\m4unicode\mak\win64\release\m4unicode.lib">
      <Filter>lib\win64_release</Filter>
    </Library>
    <Library Include="..\..\m4xmlutil\mak\win32\debug\m4xmlutil.lib">
      <Filter>lib\win32_debug</Filter>
    </Library>
    <Library Include="..\..\m4xmlutil\mak\win32\release\m4xmlutil.lib">
      <Filter>lib\win32_release</Filter>
    </Library>
    <Library Include="..\..\m4xmlutil\mak\win64\debug\m4xmlutil.lib">
      <Filter>lib\win64_debug</Filter>
    </Library>
    <Library Include="..\..\m4xmlutil\mak\win64\release\m4xmlutil.lib">
      <Filter>lib\win64_release</Filter>
    </Library>
    <Library Include="..\..\public\xerces\mak\win32\debug\xerces-c.lib">
      <Filter>lib\win32_debug</Filter>
    </Library>
    <Library Include="..\..\public\xerces\mak\win32\release\xerces-c.lib">
      <Filter>lib\win32_release</Filter>
    </Library>
    <Library Include="..\..\public\xerces\mak\win64\debug\xerces-c.lib">
      <Filter>lib\win64_debug</Filter>
    </Library>
    <Library Include="..\..\public\xerces\mak\win64\release\xerces-c.lib">
      <Filter>lib\win64_release</Filter>
    </Library>
  </ItemGroup>
  <ItemGroup>
    <CustomBuild Include="m4dispatcher.prj">
      <Filter>mak</Filter>
    </CustomBuild>
  </ItemGroup>
  <ItemGroup>
    <None Include="m4dispatcher.touch">
      <Filter>mak</Filter>
    </None>
    <None Include="..\par\logsysdpch.ini">
      <Filter>par</Filter>
    </None>
    <None Include="..\par\m4dispatcher.bat">
      <Filter>par</Filter>
    </None>
    <None Include="..\par\m4dspini.dtd">
      <Filter>par</Filter>
    </None>
    <None Include="..\par\m4kshdispatcher">
      <Filter>par</Filter>
    </None>
  </ItemGroup>
  <ItemGroup>
    <ClInclude Include="..\inc\actionidentifiers.hpp">
      <Filter>inc</Filter>
    </ClInclude>
    <ClInclude Include="..\inc\adminactions.hpp">
      <Filter>inc</Filter>
    </ClInclude>
    <ClInclude Include="..\inc\adminagent.hpp">
      <Filter>inc</Filter>
    </ClInclude>
    <ClInclude Include="..\inc\appctlnodeinfo.hpp">
      <Filter>inc</Filter>
    </ClInclude>
    <ClInclude Include="..\inc\clientagent.hpp">
      <Filter>inc</Filter>
    </ClInclude>
    <ClInclude Include="..\inc\cltimer.hpp">
      <Filter>inc</Filter>
    </ClInclude>
    <ClInclude Include="..\inc\commadapter.hpp">
      <Filter>inc</Filter>
    </ClInclude>
    <ClInclude Include="..\inc\dspactions.hpp">
      <Filter>inc</Filter>
    </ClInclude>
    <ClInclude Include="..\inc\dspagent.hpp">
      <Filter>inc</Filter>
    </ClInclude>
    <ClInclude Include="..\inc\dspanswergen.hpp">
      <Filter>inc</Filter>
    </ClInclude>
    <ClInclude Include="..\inc\dspappctlreq.hpp">
      <Filter>inc</Filter>
    </ClInclude>
    <ClInclude Include="..\inc\dspclientreqpdu.hpp">
      <Filter>inc</Filter>
    </ClInclude>
    <ClInclude Include="..\inc\dspinvoker.hpp">
      <Filter>inc</Filter>
    </ClInclude>
    <ClInclude Include="..\inc\dspparams.hpp">
      <Filter>inc</Filter>
    </ClInclude>
    <ClInclude Include="..\inc\dspreq.hpp">
      <Filter>inc</Filter>
    </ClInclude>
    <ClInclude Include="..\inc\dspreqcontainer.hpp">
      <Filter>inc</Filter>
    </ClInclude>
    <ClInclude Include="..\inc\dspservice.hpp">
      <Filter>inc</Filter>
    </ClInclude>
    <ClInclude Include="..\inc\dspxmlreq.hpp">
      <Filter>inc</Filter>
    </ClInclude>
    <ClInclude Include="..\inc\executiveagent.hpp">
      <Filter>inc</Filter>
    </ClInclude>
    <ClInclude Include="..\inc\m4dispatchermain.hpp">
      <Filter>inc</Filter>
    </ClInclude>
    <ClInclude Include="..\inc\m4dspapi4snmp.hpp">
      <Filter>inc</Filter>
    </ClInclude>
    <ClInclude Include="..\inc\m4xmlstreamgen.hpp">
      <Filter>inc</Filter>
    </ClInclude>
    <ClInclude Include="..\inc\serveragent.hpp">
      <Filter>inc</Filter>
    </ClInclude>
    <ClInclude Include="..\inc\sitenodeinfo.hpp">
      <Filter>inc</Filter>
    </ClInclude>
    <ClInclude Include="..\inc\sitenodemonitor.hpp">
      <Filter>inc</Filter>
    </ClInclude>
    <ClInclude Include="..\inc\snmpobjdefines.hpp">
      <Filter>inc</Filter>
    </ClInclude>
  </ItemGroup>
  <ItemGroup>
    <Xml Include="..\par\m4dspini.xml">
      <Filter>par</Filter>
    </Xml>
  </ItemGroup>
</Project>