<?xml version="1.0" encoding="utf-8"?>
<Project ToolsVersion="4.0" xmlns="http://schemas.microsoft.com/developer/msbuild/2003">
  <ItemGroup>
    <Filter Include="inc">
      <UniqueIdentifier>{306105b1-0374-4faa-9fe6-09c9fdedaa08}</UniqueIdentifier>
    </Filter>
    <Filter Include="src">
      <UniqueIdentifier>{6393957a-3600-45c9-b531-33515bb33df6}</UniqueIdentifier>
    </Filter>
    <Filter Include="rc">
      <UniqueIdentifier>{99d1651b-d338-42cf-a8b2-fb6f091a98d3}</UniqueIdentifier>
    </Filter>
    <Filter Include="mak">
      <UniqueIdentifier>{63a374e0-3029-405e-851d-9786992a6277}</UniqueIdentifier>
    </Filter>
    <Filter Include="lib">
      <UniqueIdentifier>{247975d9-c61f-4a2b-a6aa-cddadf995063}</UniqueIdentifier>
      <SourceControlFiles>False</SourceControlFiles>
    </Filter>
    <Filter Include="lib\win32_debug">
      <UniqueIdentifier>{63a14da5-a620-47f8-8bbe-13872cde1284}</UniqueIdentifier>
      <SourceControlFiles>False</SourceControlFiles>
    </Filter>
    <Filter Include="lib\win32_release">
      <UniqueIdentifier>{31490f86-88a1-4266-b7cf-a84114215614}</UniqueIdentifier>
      <SourceControlFiles>False</SourceControlFiles>
    </Filter>
    <Filter Include="lib\win64_debug">
      <UniqueIdentifier>{2be32314-c7fc-4dc6-a7d4-10337bd7b6fa}</UniqueIdentifier>
      <SourceControlFiles>False</SourceControlFiles>
    </Filter>
    <Filter Include="lib\win64_release">
      <UniqueIdentifier>{52b144c4-349b-4ff5-bf36-6673c1a5c574}</UniqueIdentifier>
      <SourceControlFiles>False</SourceControlFiles>
    </Filter>
    <Filter Include="src\windows">
      <UniqueIdentifier>{abc76bbc-aa90-43c7-aa50-f941f3a814d4}</UniqueIdentifier>
    </Filter>
    <Filter Include="src\unix">
      <UniqueIdentifier>{1ad115e0-641c-411f-b930-e8a7cdc0965d}</UniqueIdentifier>
    </Filter>
    <Filter Include="inc\windows">
      <UniqueIdentifier>{e57cbc9c-52e1-49dd-aeec-e30967429772}</UniqueIdentifier>
    </Filter>
    <Filter Include="inc\unix">
      <UniqueIdentifier>{38f91e5f-4f6b-4c94-949b-400ff7397673}</UniqueIdentifier>
    </Filter>
  </ItemGroup>
  <ItemGroup>
    <ClInclude Include="..\inc\m4ipcs_dll.hpp">
      <Filter>inc</Filter>
    </ClInclude>
    <ClInclude Include="..\inc\blocksynchronization.hpp">
      <Filter>inc</Filter>
    </ClInclude>
    <ClInclude Include="..\inc\boolCondition.hpp">
      <Filter>inc</Filter>
    </ClInclude>
    <ClInclude Include="..\inc\criticalsection.hpp">
      <Filter>inc</Filter>
    </ClInclude>
    <ClInclude Include="..\inc\m4condition.hpp">
      <Filter>inc</Filter>
    </ClInclude>
    <ClInclude Include="..\inc\m4exception.hpp">
      <Filter>inc</Filter>
    </ClInclude>
    <ClInclude Include="..\inc\m4ipcs.hpp">
      <Filter>inc</Filter>
    </ClInclude>
    <ClInclude Include="..\inc\m4syncronization.hpp">
      <Filter>inc</Filter>
    </ClInclude>
    <ClInclude Include="..\inc\m4thread.hpp">
      <Filter>inc</Filter>
    </ClInclude>
    <ClInclude Include="..\inc\synchutil.hpp">
      <Filter>inc</Filter>
    </ClInclude>
    <ClInclude Include="..\inc\syncro.hpp">
      <Filter>inc</Filter>
    </ClInclude>
    <ClInclude Include="..\inc\syncrowait.hpp">
      <Filter>inc</Filter>
    </ClInclude>
    <ClInclude Include="..\inc\windows\criticalsection.hpp">
      <Filter>inc\windows</Filter>
    </ClInclude>
    <ClInclude Include="..\inc\windows\syncro.hpp">
      <Filter>inc\windows</Filter>
    </ClInclude>
    <ClInclude Include="..\inc\unix\syncro.hpp">
      <Filter>inc\unix</Filter>
    </ClInclude>
    <ClInclude Include="..\inc\threadobjs.hpp">
      <Filter>inc</Filter>
    </ClInclude>
  </ItemGroup>
  <ItemGroup>
    <ClCompile Include="..\rc\m4ipcs.what.cpp">
      <Filter>rc</Filter>
    </ClCompile>
    <ClCompile Include="..\src\unix\m4condition.cpp">
      <Filter>src\unix</Filter>
    </ClCompile>
    <ClCompile Include="..\src\unix\syncro.cpp">
      <Filter>src\unix</Filter>
    </ClCompile>
    <ClCompile Include="..\src\windows\m4condition.cpp">
      <Filter>src\windows</Filter>
    </ClCompile>
    <ClCompile Include="..\src\windows\syncro.cpp">
      <Filter>src\windows</Filter>
    </ClCompile>
    <ClCompile Include="..\src\boolCondition.cpp">
      <Filter>src</Filter>
    </ClCompile>
    <ClCompile Include="..\src\m4exception.cpp">
      <Filter>src</Filter>
    </ClCompile>
    <ClCompile Include="..\src\m4thread.cpp">
      <Filter>src</Filter>
    </ClCompile>
    <ClCompile Include="..\src\synchutil.cpp">
      <Filter>src</Filter>
    </ClCompile>
    <ClCompile Include="..\src\syncronization.cpp">
      <Filter>src</Filter>
    </ClCompile>
    <ClCompile Include="..\src\syncrowait.cpp">
      <Filter>src</Filter>
    </ClCompile>
    <ClCompile Include="..\src\threadobjs.cpp">
      <Filter>src</Filter>
    </ClCompile>
  </ItemGroup>
  <ItemGroup>
    <ResourceCompile Include="..\rc\m4ipcs.rc">
      <Filter>rc</Filter>
    </ResourceCompile>
  </ItemGroup>
  <ItemGroup>
    <CustomBuild Include="m4ipcs.prj">
      <Filter>mak</Filter>
    </CustomBuild>
  </ItemGroup>
  <ItemGroup>
    <None Include="m4ipcs.touch">
      <Filter>mak</Filter>
    </None>
  </ItemGroup>
</Project>